lockfile_version = 3

[[realization]]
realization_hash = "b3:b273ed93742b3274d926ff850b47337909e6b900321e028fc78e053e95849002"
name = "moonstone/luajit"
version = "2.1.0"
kind = "runtime"
recipe_hash = "b3:70c7fe93b82adacad6514e980832201b4ae0d322a8ac51741fd7455232d755c0"
artifact_hash = "b3:f4d32a967447c8d87a709c01fa5229748de4054e51dfa073e0ad1e61c2683bbf"
replay_mode = "artifact_only"
runtime = "moonstone/luajit"
lua_abi = "5.1"
target = "aarch64-macos"
constellation = "default"
source_kind = "runtime"
resolver = "moonstone"

[[realization]]
realization_hash = "b3:6b00819e368f98e248e3953725ef3c7b80388105981199ffcb34cdc5a3dac5dd"
name = "hydronium/router"
version = "0.2.0"
kind = "lib"
recipe_hash = ""
artifact_hash = "workspace"
replay_mode = "portable_source"
runtime = "5.1"
lua_abi = ""
target = "aarch64-macos"
constellation = "default"
source = "router"
source_kind = "workspace"
resolver = "workspace"
roles = ["dev"]

[[realization]]
realization_hash = "b3:a42b3b5e5ebaaf90c6b752dae0d3338cf2ded48ec12b9d26f60b20cc02c631b0"
name = "hydronium/core"
version = "0.2.1"
kind = "lib"
recipe_hash = ""
artifact_hash = "path"
replay_mode = "artifact_only"
runtime = "5.1"
lua_abi = "5.1"
target = "aarch64-macos"
constellation = "default"
source = "core"
source_kind = "local_path"
resolver = "path"
roles = ["dev"]

[[realization]]
realization_hash = "b3:73f5ebd1add4b763754b06455bd8859070a12f39609d6ee4fc35fa7693cb2d30"
name = "dkjson"
version = "2.11-1"
kind = "lib"
source_hash = "b3:736026c095d0d92f41d668c8bab1c02f58902d677326cbeca0fb592092b214a3"
recipe_hash = "b3:25062268f0435d9199e4f33c2a4c7c3890c5eb1205496c228c5b08e4332e0c67"
artifact_hash = "b3:feb66e31f1f5665b714ef3b9a67b387ea3e5560c7da91e01bf5c71e12fc93333"
replay_mode = "portable_source"
runtime = "5.1"
lua_abi = "5.1"
target = "aarch64-macos"
constellation = "default"
source = "https://luarocks.org/dkjson-2.11-1.src.rock"
source_kind = "luarocks_src_rock"
source_payload = "sources/dkjson-2.11-1.src.rock"
rockspec = "https://luarocks.org/dkjson-2.11-1.rockspec"
rockspec_hash = "b3:f435b6b2f3924979d1a69598935ee7de27f35dbaa5dfa6b36aeda2f5f7356c44"
rockspec_payload = "sources/dkjson-2.11-1.rockspec"
resolver = "rocks"
roles = ["tool", "runtime"]

[[realization]]
realization_hash = "b3:3a7fc20b3d68601c9be511dae05db4666556406b5cbbaa0ace9e2c6f510eeec8"
name = "moonstone/lua"
version = "5.4.9"
kind = "runtime"
source_hash = "b3:4c1d2d5913070984ad436c0fc01efd3b293e829860302771b1b8d4c5e655fbde"
recipe_hash = "b3:1d647f98837a78457595da388d568ad4b1282f149271615ae73eb1da3fd76989"
artifact_hash = "b3:39bfa29bd95756b038e2f42deb93e325b9f7f2b80951a5a66a0f1b5639ee50c7"
replay_mode = "portable_source"
runtime = "5.1"
lua_abi = "lua54"
target = "aarch64-macos"
constellation = "default"
source = "blobs/b3/39/bf/39bfa29bd95756b038e2f42deb93e325b9f7f2b80951a5a66a0f1b5639ee50c7.tar.zst"
source_kind = "archive"
source_payload = "sources/blob.tar.zst"
source_url = "blobs/b3/4c/1d/4c1d2d5913070984ad436c0fc01efd3b293e829860302771b1b8d4c5e655fbde.tar.gz"
resolver = "moonstone"
registry = "moonstone"

[[realization]]
realization_hash = "b3:8d7d7c2e44b19fcf02021f55c17e782a6fc9039f1ca541ab923f66c12cba8f77"
name = "lua-cjson"
version = "2.1.0.10-1"
kind = "bin"
source_hash = "b3:652b9d43451a323ff0024d5826c0941f56f2cee0af83c5b9a14eda5052bc73f3"
recipe_hash = "b3:cd9ccc9a1ddc044e24ca3b0235ef3c8c3d2344a828d4f42ae18faa4d361bef3f"
artifact_hash = "b3:bfdbb0f97a60cf2a4995e9246e7c47b403b30b948ffd0363320c96bc1bc691ef"
replay_mode = "portable_source"
runtime = "5.1"
lua_abi = "5.1"
target = "aarch64-macos"
constellation = "default"
source = "https://luarocks.org/lua-cjson-2.1.0.10-1.src.rock"
source_kind = "luarocks_src_rock"
source_payload = "sources/lua-cjson-2.1.0.10-1.src.rock"
rockspec = "https://luarocks.org/lua-cjson-2.1.0.10-1.rockspec"
rockspec_hash = "b3:8b06325a8f958b64770579baa905bd2877a2cbce2c83be79404d6d4b164b45d5"
rockspec_payload = "sources/lua-cjson-2.1.0.10-1.rockspec"
resolver = "rocks"
roles = ["dev", "tool"]

[[realization]]
realization_hash = "b3:475152f789ce524a8119295e803e21ce5e4965f7a113210682e34614a44ea8ac"
name = "hydronium/luax"
version = "0.2.1"
kind = "lib"
recipe_hash = ""
artifact_hash = "path"
replay_mode = "artifact_only"
runtime = "5.1"
lua_abi = "5.1"
target = "aarch64-macos"
constellation = "default"
source = "luax"
source_kind = "local_path"
resolver = "path"
roles = ["dev"]

[[realization]]
realization_hash = "b3:d3add52ae0f2cf271b4da3a0a5efb3864e0ed7022a9c2a174db5481c9149cb0f"
name = "hydronium/ink"
version = "0.5.0"
kind = "lib"
recipe_hash = ""
artifact_hash = "path"
replay_mode = "artifact_only"
runtime = "5.1"
lua_abi = "5.1"
target = "aarch64-macos"
constellation = "default"
source = "ink"
source_kind = "local_path"
resolver = "path"
roles = ["dev"]

[[realization]]
realization_hash = "b3:08e0b48eb3cb73a52f53e26a12fe0ba4297ffcba47ef2d699cc870c3aad589bc"
name = "hydronium/oklab-utils"
version = "0.3.0"
kind = "lib"
recipe_hash = ""
artifact_hash = "path"
replay_mode = "artifact_only"
runtime = "5.1"
lua_abi = "5.1"
target = "aarch64-macos"
constellation = "default"
source = "oklab-utils"
source_kind = "local_path"
resolver = "path"
roles = ["dev"]

[[realization]]
realization_hash = "b3:dd071901820b6bb7d9c9496e76d97f525c39f04475703c2b7046ac380f124295"
name = "etlua"
version = "1.3.0-1"
kind = "lib"
source_hash = "b3:2d48b441ec25716ff0c3e663f40219a6623ce7a3e90e4dbcfabf8d3e028576f3"
recipe_hash = "b3:8bd52dbcc9ce475e222d906719a2622bf945be2854ee60b741fd5686b7eb7b51"
artifact_hash = "b3:1f95221e45ee9474a6bc383ee072330ed71b8784dc1bcdc81aae87d1bf999142"
replay_mode = "portable_source"
runtime = "5.1"
lua_abi = "5.1"
target = "aarch64-macos"
constellation = "default"
source = "https://luarocks.org/etlua-1.3.0-1.src.rock"
source_kind = "luarocks_src_rock"
source_payload = "sources/etlua-1.3.0-1.src.rock"
rockspec = "https://luarocks.org/etlua-1.3.0-1.rockspec"
rockspec_hash = "b3:493a586d7f61cc1fdc7962f894a5faea3760e73573080f3d5df8084b147e2592"
rockspec_payload = "sources/etlua-1.3.0-1.rockspec"
resolver = "rocks"
roles = ["tool"]

[[realization]]
realization_hash = "b3:45176a298edc1d83964e57da064f9faf1963df39e4deade2ac3986ade5c5dd16"
name = "luafilesystem"
version = "1.9.0-1"
kind = "lib"
source_hash = "b3:eb045fcb85b41313935a69e25e12a1a473dbc7c216debdb86ce57845d23b12c0"
recipe_hash = "b3:8d51a6656d1e4dfbb0b683caae46811bf4525f6615249578d3229eea94dfd8cd"
artifact_hash = "b3:882df69b80ed044ffd892ace5e97a88c528745aa9cd7b7d06ded514071f7e932"
replay_mode = "portable_source"
runtime = "5.1"
lua_abi = "5.1"
target = "aarch64-macos"
constellation = "default"
source = "https://luarocks.org/luafilesystem-1.9.0-1.src.rock"
source_kind = "luarocks_src_rock"
source_payload = "sources/luafilesystem-1.9.0-1.src.rock"
rockspec = "https://luarocks.org/luafilesystem-1.9.0-1.rockspec"
rockspec_hash = "b3:fca860b1ab21280b1e1c2b8419dc5c552a80ec7d93e11a5359e18d2023d400e9"
rockspec_payload = "sources/luafilesystem-1.9.0-1.rockspec"
resolver = "rocks"
roles = ["tool"]

[[realization]]
realization_hash = "b3:e252028bbb46e7798312d7e3284b7b7c49913c5a278ff314132214a967432404"
name = "hydronium/meteorite"
version = "0.3.0"
kind = "lib"
recipe_hash = ""
artifact_hash = "workspace"
replay_mode = "portable_source"
runtime = "5.1"
lua_abi = ""
target = "aarch64-macos"
constellation = "default"
source = "meteorite"
source_kind = "workspace"
resolver = "workspace"
roles = ["dev"]

[[realization]]
realization_hash = "b3:12f00a51b7fd46dd5c3801a99e0f3c05d55d77bad0a9e8c68f0160df91d8d738"
name = "hydronium/lab"
version = "0.3.0"
kind = "lib"
recipe_hash = ""
artifact_hash = "path"
replay_mode = "artifact_only"
runtime = "5.1"
lua_abi = "5.1"
target = "aarch64-macos"
constellation = "default"
source = "lab"
source_kind = "local_path"
resolver = "path"
roles = ["dev"]

[[realization]]
realization_hash = "b3:3e631ed255253ad8565658ddceed574a85eecc662e35bf6962c3897fa91993e7"
name = "hydronium/ink-lab"
version = "0.3.0"
kind = "lib"
recipe_hash = ""
artifact_hash = "path"
replay_mode = "artifact_only"
runtime = "5.1"
lua_abi = "5.1"
target = "aarch64-macos"
constellation = "default"
source = "ink-lab"
source_kind = "local_path"
resolver = "path"
roles = ["dev"]

[[realization]]
realization_hash = "b3:7d996b2a54e0c6865afaa3e4cb35430677776d5c0186e5d61f4384d7c3d2626d"
name = "hydronium/lab-cli"
version = "0.3.0"
kind = "bin"
recipe_hash = ""
artifact_hash = "workspace"
replay_mode = "portable_source"
runtime = "5.1"
lua_abi = ""
target = "aarch64-macos"
constellation = "default"
source = "lab-cli"
source_kind = "workspace"
resolver = "workspace"
roles = ["tool"]

[[realization]]
realization_hash = "b3:43da9690763a12756174c380bd57746c73c73ac39c9462bc4e01cbf4f08065b0"
name = "moonstone/ballad"
version = "0.4.1"
kind = "bin"
source_hash = "b3:be6aa7c58c722bffd68384a6e1706e454e2ed863404c1db56cda7277a596abe1"
recipe_hash = "b3:6aa0c68796402875a722b3ee9a21149e8df489eb8592518f3d596ef109d282e3"
artifact_hash = "b3:be6aa7c58c722bffd68384a6e1706e454e2ed863404c1db56cda7277a596abe1"
replay_mode = "portable_source"
runtime = "5.1"
lua_abi = "5.1"
target = "aarch64-macos"
constellation = "default"
source = "https://github.com/moonstone-sh/ballad/releases/download/v0.4.1/ballad-0.4.1-any.tar.gz"
source_kind = "archive"
source_payload = "sources/blob.tar.gz"
resolver = "moonstone"
registry = "moonstone"
roles = ["tool", "runtime"]

[[realization]]
realization_hash = "b3:5679d49b115dca74c12a830ec15a21515abbb81344ea8598c149c2b7bbe26e70"
name = "moonstone/clingy"
version = "0.7.0"
kind = "bin"
source_hash = "b3:95a66847f91ac6ffc233f25abcd2330f48e69cc1540699ea1c836f75bc1d28eb"
recipe_hash = "b3:2b9c3be19893cd63b26d23b3b792ae600910d0214430ff14ba91cacaa10306b0"
artifact_hash = "b3:95a66847f91ac6ffc233f25abcd2330f48e69cc1540699ea1c836f75bc1d28eb"
replay_mode = "portable_source"
runtime = "5.1"
lua_abi = "5.4"
target = "aarch64-macos"
constellation = "default"
source = "https://github.com/moonstone-sh/clingy/releases/download/v0.7.0/clingy-0.7.0-any.tar.gz"
source_kind = "archive"
source_payload = "sources/blob.tar.gz"
resolver = "moonstone"
registry = "moonstone"
roles = ["tool", "runtime"]

[[realization]]
realization_hash = "b3:5ca397a76db6d37c7c41ac0a0f69c475aa86798a5bfc2460eddaebf19fdf1d69"
name = "moonstone/valua"
version = "0.3.0"
kind = "lib"
source_hash = "b3:62ce667312941d8e07da7347bc8ec63222bab9f1fbb14af62c77b5d77f81b75f"
recipe_hash = "b3:d2e41933ad8630efc51b58105f24854c5b1334a22bcc831468478665240fb5ee"
artifact_hash = "b3:62ce667312941d8e07da7347bc8ec63222bab9f1fbb14af62c77b5d77f81b75f"
replay_mode = "portable_source"
runtime = "5.1"
lua_abi = "5.4"
target = "aarch64-macos"
constellation = "default"
source = "https://github.com/moonstone-sh/valua/releases/download/v0.3.0/valua-0.3.0-any.tar.gz"
source_kind = "archive"
source_payload = "sources/blob.tar.gz"
resolver = "moonstone"
registry = "moonstone"
roles = ["tool", "runtime"]

[[realization]]
realization_hash = "b3:ec429f3663b3a78f7f009dacbcad2cd3f7b78284f3b0ee12ef730de92d04521c"
name = "moonstone/luals-composer"
version = "0.2.1"
kind = "lib"
source_hash = "b3:e14498a308d9af22b9b8f01264483c3aaabf78e85297940177a9075213d97935"
recipe_hash = "b3:eb4909eecf74b68ca29465f568838135e71eab2977deef2eb58f18de0dea3c09"
artifact_hash = "b3:8e6ac84979b505377164fe4722220093311130d25d6895c1d1c6aa322e6e844f"
replay_mode = "portable_source"
runtime = "5.1"
lua_abi = ""
target = "aarch64-macos"
constellation = "default"
source = "blobs/b3/e1/44/e14498a308d9af22b9b8f01264483c3aaabf78e85297940177a9075213d97935.tar.gz"
source_kind = "command"
source_payload = "sources/blob.tar.gz"
resolver = "moonstone"
registry = "moonstone"
roles = ["tool", "runtime"]

[[realization]]
realization_hash = "b3:4f0eb4bb6d85835d168d22d229972ca09994660a3b36969bc4f5c58c970de2ae"
name = "moonstone/alter"
version = "0.2.2"
kind = "lib"
source_hash = "b3:9185199a39bc0a53a02cd568f54123ebeffad3cca10bc9c33f1f8aaac9185f20"
recipe_hash = "b3:e511013706ff2ce52824acfae8ec1629e2914092041ed894ba6387793fb9a010"
artifact_hash = "b3:aab08713fb761266b4cdd63a69b685def9513216360e868fb5dc282d16dce07a"
replay_mode = "portable_source"
runtime = "5.1"
lua_abi = ""
target = "aarch64-macos"
constellation = "default"
source = "blobs/b3/91/85/9185199a39bc0a53a02cd568f54123ebeffad3cca10bc9c33f1f8aaac9185f20.tar.gz"
source_kind = "command"
source_payload = "sources/blob.tar.gz"
resolver = "moonstone"
registry = "moonstone"
roles = ["tool", "runtime"]

[[realization]]
realization_hash = "b3:6c19aef34efcbc6ef2ff86175fb444d5dc6dac6dc75182b3b063416187f4e853"
name = "moonstone/alter-jsonc"
version = "0.2.2"
kind = "lib"
source_hash = "b3:101da5fecb683a39351dc0b6177418413e67a36f796c6acbc5b4fd1f3f580b21"
recipe_hash = "b3:33ecc44289ea1e6095f7ba0903a480d2d83cb50e5c640f42ebb3c10321489442"
artifact_hash = "b3:f39b44ed3497bd78bb8897b33c67e2f292b9a7f4cde18a85b8926f91564c794e"
replay_mode = "portable_source"
runtime = "5.1"
lua_abi = ""
target = "aarch64-macos"
constellation = "default"
source = "blobs/b3/10/1d/101da5fecb683a39351dc0b6177418413e67a36f796c6acbc5b4fd1f3f580b21.tar.gz"
source_kind = "command"
source_payload = "sources/blob.tar.gz"
resolver = "moonstone"
registry = "moonstone"
roles = ["tool", "runtime"]

[[realization]]
realization_hash = "b3:2b0034755e50deb6a523a42f34fa116df2ed27c7e6fa2a949244ab78bba46f39"
name = "moonstone/alter-json"
version = "0.2.2"
kind = "lib"
source_hash = "b3:adc05472c0e5f66bfb9fb0cf0f9ac3a24ed7c34a104c71c647e5f5f36b3cfe38"
recipe_hash = "b3:1371a3fc3840439a844ad72032cd6368231da5e2ac6919fad6d560a211ff42d1"
artifact_hash = "b3:8e607bd37ed1e3568b2871ae185d8dec28f7c4e5f046517e0c5f40d6ffa86569"
replay_mode = "portable_source"
runtime = "5.1"
lua_abi = ""
target = "aarch64-macos"
constellation = "default"
source = "blobs/b3/ad/c0/adc05472c0e5f66bfb9fb0cf0f9ac3a24ed7c34a104c71c647e5f5f36b3cfe38.tar.gz"
source_kind = "command"
source_payload = "sources/blob.tar.gz"
resolver = "moonstone"
registry = "moonstone"
roles = ["tool", "runtime"]

[[realization]]
realization_hash = "b3:96676a3441a1fc82c3ed04e07315b7627853f25afcbbb1a9505effe1850d3628"
name = "hydronium/dom"
version = "0.3.0"
kind = "lib"
recipe_hash = ""
artifact_hash = "path"
replay_mode = "artifact_only"
runtime = "5.1"
lua_abi = "5.1"
target = "aarch64-macos"
constellation = "default"
source = "dom"
source_kind = "local_path"
resolver = "path"
roles = ["dev"]

[[realization]]
realization_hash = "b3:86abff05e65dbba1530d911760677754665ec56957b88ff126a5b0087f7a1cce"
name = "moonstone/meteorite"
version = "0.3.0"
kind = "bin"
source_hash = "b3:1f7a60fe719ecca54ada84f7b6bf869daf03f49978ca879bc87cee4b08179215"
recipe_hash = "b3:3a1c24ea815026d3deb90162f0c1474aeced501bf58b38605b7ac8864058ede2"
artifact_hash = "b3:724205ea3b1fc29439f7a830906e8c5a115d1292137de902d9f86f068230d090"
replay_mode = "portable_source"
runtime = "5.1"
lua_abi = ""
target = "aarch64-macos"
constellation = "default"
source = "https://github.com/moonstone-sh/meteorite/releases/download/v0.3.0/meteorite-0.3.0-source.tar.gz"
source_kind = "command"
source_payload = "sources/blob.tar.gz"
resolver = "moonstone"
registry = "moonstone"
roles = ["tool"]

[[profile]]
id = "aarch64-macos+moonstone/luajit+5.1"
target = "aarch64-macos"
runtime = "moonstone/luajit"
lua_abi = "5.1"
packages = [{ name = "moonstone/luajit", version = "2.1.0", realization_hash = "b3:b273ed93742b3274d926ff850b47337909e6b900321e028fc78e053e95849002" }, { name = "hydronium/router", version = "0.2.0", realization_hash = "b3:6b00819e368f98e248e3953725ef3c7b80388105981199ffcb34cdc5a3dac5dd" }, { name = "hydronium/core", version = "0.2.1", realization_hash = "b3:a42b3b5e5ebaaf90c6b752dae0d3338cf2ded48ec12b9d26f60b20cc02c631b0" }, { name = "moonstone/ballad", version = "0.4.1", realization_hash = "b3:43da9690763a12756174c380bd57746c73c73ac39c9462bc4e01cbf4f08065b0" }, { name = "dkjson", version = "2.11-1", realization_hash = "b3:73f5ebd1add4b763754b06455bd8859070a12f39609d6ee4fc35fa7693cb2d30" }, { name = "moonstone/clingy", version = "0.7.0", realization_hash = "b3:5679d49b115dca74c12a830ec15a21515abbb81344ea8598c149c2b7bbe26e70" }, { name = "moonstone/lua", version = "5.4.9", realization_hash = "b3:3a7fc20b3d68601c9be511dae05db4666556406b5cbbaa0ace9e2c6f510eeec8" }, { name = "moonstone/valua", version = "0.3.0", realization_hash = "b3:5ca397a76db6d37c7c41ac0a0f69c475aa86798a5bfc2460eddaebf19fdf1d69" }, { name = "moonstone/luals-composer", version = "0.2.1", realization_hash = "b3:ec429f3663b3a78f7f009dacbcad2cd3f7b78284f3b0ee12ef730de92d04521c" }, { name = "moonstone/alter", version = "0.2.2", realization_hash = "b3:4f0eb4bb6d85835d168d22d229972ca09994660a3b36969bc4f5c58c970de2ae" }, { name = "moonstone/alter-jsonc", version = "0.2.2", realization_hash = "b3:6c19aef34efcbc6ef2ff86175fb444d5dc6dac6dc75182b3b063416187f4e853" }, { name = "moonstone/alter-json", version = "0.2.2", realization_hash = "b3:2b0034755e50deb6a523a42f34fa116df2ed27c7e6fa2a949244ab78bba46f39" }, { name = "hydronium/meteorite", version = "0.3.0", realization_hash = "b3:e252028bbb46e7798312d7e3284b7b7c49913c5a278ff314132214a967432404" }, { name = "lua-cjson", version = "2.1.0.10-1", realization_hash = "b3:8d7d7c2e44b19fcf02021f55c17e782a6fc9039f1ca541ab923f66c12cba8f77" }, { name = "hydronium/luax", version = "0.2.1", realization_hash = "b3:475152f789ce524a8119295e803e21ce5e4965f7a113210682e34614a44ea8ac" }, { name = "hydronium/dom", version = "0.3.0", realization_hash = "b3:96676a3441a1fc82c3ed04e07315b7627853f25afcbbb1a9505effe1850d3628" }, { name = "hydronium/lab", version = "0.3.0", realization_hash = "b3:12f00a51b7fd46dd5c3801a99e0f3c05d55d77bad0a9e8c68f0160df91d8d738" }, { name = "hydronium/ink-lab", version = "0.3.0", realization_hash = "b3:3e631ed255253ad8565658ddceed574a85eecc662e35bf6962c3897fa91993e7" }, { name = "hydronium/ink", version = "0.5.0", realization_hash = "b3:d3add52ae0f2cf271b4da3a0a5efb3864e0ed7022a9c2a174db5481c9149cb0f" }, { name = "hydronium/oklab-utils", version = "0.3.0", realization_hash = "b3:08e0b48eb3cb73a52f53e26a12fe0ba4297ffcba47ef2d699cc870c3aad589bc" }, { name = "moonstone/meteorite", version = "0.3.0", realization_hash = "b3:86abff05e65dbba1530d911760677754665ec56957b88ff126a5b0087f7a1cce" }, { name = "etlua", version = "1.3.0-1", realization_hash = "b3:dd071901820b6bb7d9c9496e76d97f525c39f04475703c2b7046ac380f124295" }, { name = "hydronium/lab-cli", version = "0.3.0", realization_hash = "b3:7d996b2a54e0c6865afaa3e4cb35430677776d5c0186e5d61f4384d7c3d2626d" }, { name = "luafilesystem", version = "1.9.0-1", realization_hash = "b3:45176a298edc1d83964e57da064f9faf1963df39e4deade2ac3986ade5c5dd16" }]
edges = []
