lockfile_version = 3

[[realization]]
realization_hash = "b3:9d00185b40021ec3ff5b46a9cf7c3b7b918f3b83ed4aa1d52f1d056088c0a9c6"
name = "moonstone/lua"
version = "5.4.9"
kind = "runtime"
recipe_hash = "b3:9ddef3514e834e33889eccd8b8526e6aa458749bdf5cd7a9b5063276257c50e4"
artifact_hash = "b3:39bfa29bd95756b038e2f42deb93e325b9f7f2b80951a5a66a0f1b5639ee50c7"
replay_mode = "artifact_only"
runtime = "moonstone/lua"
lua_abi = "5.4"
target = "aarch64-macos"
constellation = "default"
source_kind = "runtime"
resolver = "moonstone"

[[realization]]
realization_hash = "b3:2fe622d7c78e7c3f476cb357e5785aed6bd90fedcb9d27128dd87c93c1a91230"
name = "moonstone/clingy"
version = "0.2.0"
kind = "bin"
source_hash = "b3:756fd51d7fd5ec32ff404d6acfc09578d391bd12a0d2829d34321f58a9d6c1ee"
recipe_hash = "b3:68ed8f3dda88c8913f2538893871b44d1cdad52f27b5761a6c92738bc5d7d114"
artifact_hash = "b3:756fd51d7fd5ec32ff404d6acfc09578d391bd12a0d2829d34321f58a9d6c1ee"
replay_mode = "artifact_only"
runtime = "5.4"
lua_abi = "5.4"
target = "aarch64-macos"
constellation = "default"
source = "https://github.com/moonstone-sh/clingy/releases/download/v0.2.0/clingy-0.2.0-any.tar.gz"
source_kind = "bin"
source_payload = "sources/blob.tar.gz"
resolver = "store"
roles = ["runtime"]

[[realization]]
realization_hash = "b3:0b9ea65c242e77193e6aed152df02dd8dad882a5194bc9babad66bc2a040c681"
name = "moonstone/valua"
version = "0.2.6"
kind = "bin"
source_hash = "b3:016af550e6c9b2d1282ced2a6070feb36e751b88d8f374bd5a89ff02ce4b871b"
recipe_hash = "b3:87899bb6245bdf3a5377c6ed150ed74f5ca885db9b328e632b95187c2305a388"
artifact_hash = "b3:016af550e6c9b2d1282ced2a6070feb36e751b88d8f374bd5a89ff02ce4b871b"
replay_mode = "artifact_only"
runtime = "5.4"
lua_abi = "5.4"
target = "aarch64-macos"
constellation = "default"
source = "https://github.com/moonstone-sh/valua/releases/download/v0.2.6/valua-0.2.6-any.tar.gz"
source_kind = "bin"
source_payload = "sources/blob.tar.gz"
resolver = "store"
roles = ["runtime"]

[[realization]]
realization_hash = "b3:2ea84b40a3b4b9f6586d33ea94fae9774d0a96528bb410632d6b2ef6b279fef8"
name = "moonstone/alter"
version = "0.1.1"
kind = "lib"
source_hash = "b3:26d86055abf0730b3a5bcaa342556c6fceb64713fdcc248ee9462b2c7781fe4a"
recipe_hash = "b3:b756778c148d883855c57435227c4f5941fa956a3de5e05ecf09e2f14302a28d"
artifact_hash = "b3:aab08713fb761266b4cdd63a69b685def9513216360e868fb5dc282d16dce07a"
replay_mode = "artifact_only"
runtime = "5.4"
lua_abi = ""
target = "aarch64-macos"
constellation = "default"
source = "blobs/b3/26/d8/26d86055abf0730b3a5bcaa342556c6fceb64713fdcc248ee9462b2c7781fe4a.tar.gz"
source_kind = "source"
source_payload = "sources/blob.tar.gz"
resolver = "store"
roles = ["runtime"]

[[realization]]
realization_hash = "b3:69794fec59ca89558e77f057199be1e6b445c165a53b322dad674ff72b964085"
name = "moonstone/alter-jsonc"
version = "0.1.1"
kind = "lib"
source_hash = "b3:f257bec3b1952c4dd65da2bde226d77522a0a652fb8fec93b9b319d0736ee55c"
recipe_hash = "b3:db1269a3526b1a721636602b5d162e6648357d4cfd1bfff4bb3110978cf25c59"
artifact_hash = "b3:f39b44ed3497bd78bb8897b33c67e2f292b9a7f4cde18a85b8926f91564c794e"
replay_mode = "artifact_only"
runtime = "5.4"
lua_abi = ""
target = "aarch64-macos"
constellation = "default"
source = "blobs/b3/f2/57/f257bec3b1952c4dd65da2bde226d77522a0a652fb8fec93b9b319d0736ee55c.tar.gz"
source_kind = "source"
source_payload = "sources/blob.tar.gz"
resolver = "store"
roles = ["runtime"]

[[realization]]
realization_hash = "b3:f678f944fd259dff9912ad580f023853168708dbe143f390d4bbe2a9b3fd47f9"
name = "moonstone/alter-json"
version = "0.1.1"
kind = "lib"
source_hash = "b3:f0a9e212d53c80a956daac20fe2d03b947f8dc89d59fb086658682f029de8f93"
recipe_hash = "b3:7161d850c198fa57df8bb35976df0aecefe9c3d9d5362c9b17a21a564fb42e30"
artifact_hash = "b3:8e607bd37ed1e3568b2871ae185d8dec28f7c4e5f046517e0c5f40d6ffa86569"
replay_mode = "artifact_only"
runtime = "5.4"
lua_abi = ""
target = "aarch64-macos"
constellation = "default"
source = "blobs/b3/f0/a9/f0a9e212d53c80a956daac20fe2d03b947f8dc89d59fb086658682f029de8f93.tar.gz"
source_kind = "source"
source_payload = "sources/blob.tar.gz"
resolver = "store"
roles = ["runtime"]

[[profile]]
id = "aarch64-macos+moonstone/lua+5.4"
target = "aarch64-macos"
runtime = "moonstone/lua"
lua_abi = "5.4"
packages = [{ name = "moonstone/lua", version = "5.4.9", realization_hash = "b3:9d00185b40021ec3ff5b46a9cf7c3b7b918f3b83ed4aa1d52f1d056088c0a9c6" }, { name = "moonstone/clingy", version = "0.2.0", realization_hash = "b3:2fe622d7c78e7c3f476cb357e5785aed6bd90fedcb9d27128dd87c93c1a91230" }, { name = "moonstone/valua", version = "0.2.6", realization_hash = "b3:0b9ea65c242e77193e6aed152df02dd8dad882a5194bc9babad66bc2a040c681" }, { name = "moonstone/alter", version = "0.1.1", realization_hash = "b3:2ea84b40a3b4b9f6586d33ea94fae9774d0a96528bb410632d6b2ef6b279fef8" }, { name = "moonstone/alter-jsonc", version = "0.1.1", realization_hash = "b3:69794fec59ca89558e77f057199be1e6b445c165a53b322dad674ff72b964085" }, { name = "moonstone/alter-json", version = "0.1.1", realization_hash = "b3:f678f944fd259dff9912ad580f023853168708dbe143f390d4bbe2a9b3fd47f9" }]
edges = []
