lockfile_version = 3

[[realization]]
realization_hash = "b3:b273ed93742b3274d926ff850b47337909e6b900321e028fc78e053e95849002"
name = "moonstone/luajit"
version = "2.1.0"
kind = "runtime"
recipe_hash = "b3:70c7fe93b82adacad6514e980832201b4ae0d322a8ac51741fd7455232d755c0"
artifact_hash = "b3:f4d32a967447c8d87a709c01fa5229748de4054e51dfa073e0ad1e61c2683bbf"
replay_mode = "artifact_only"
runtime = "moonstone/luajit"
lua_abi = "5.1"
target = "aarch64-macos"
constellation = "default"
source_kind = "runtime"
resolver = "moonstone"

[[realization]]
realization_hash = "b3:8db16d679ac99eb5b7c3235a5a17011a0a988b1df39dc92b056cd02b6f851868"
name = "dkjson"
version = "2.11-1"
kind = "lib"
source_hash = "b3:736026c095d0d92f41d668c8bab1c02f58902d677326cbeca0fb592092b214a3"
recipe_hash = "b3:25062268f0435d9199e4f33c2a4c7c3890c5eb1205496c228c5b08e4332e0c67"
artifact_hash = "b3:feb66e31f1f5665b714ef3b9a67b387ea3e5560c7da91e01bf5c71e12fc93333"
replay_mode = "portable_source"
runtime = "5.1"
lua_abi = "5.1"
target = "aarch64-macos"
constellation = "default"
source = "https://luarocks.org/dkjson-2.11-1.src.rock"
source_kind = "luarocks_src_rock"
source_payload = "sources/dkjson-2.11-1.src.rock"
rockspec = "https://luarocks.org/dkjson-2.11-1.rockspec"
rockspec_hash = "b3:f435b6b2f3924979d1a69598935ee7de27f35dbaa5dfa6b36aeda2f5f7356c44"
rockspec_payload = "sources/dkjson-2.11-1.rockspec"
resolver = "rocks"
roles = ["tool"]

[[realization]]
realization_hash = "b3:b273ed93742b3274d926ff850b47337909e6b900321e028fc78e053e95849002"
name = "moonstone/luajit"
version = "2.1.0"
kind = "runtime"
recipe_hash = "b3:70c7fe93b82adacad6514e980832201b4ae0d322a8ac51741fd7455232d755c0"
artifact_hash = "b3:f4d32a967447c8d87a709c01fa5229748de4054e51dfa073e0ad1e61c2683bbf"
replay_mode = "artifact_only"
runtime = "moonstone/luajit"
lua_abi = "5.1"
target = "aarch64-macos"
constellation = "default"
source_kind = "runtime"
resolver = "moonstone"

[[realization]]
realization_hash = "b3:8db16d679ac99eb5b7c3235a5a17011a0a988b1df39dc92b056cd02b6f851868"
name = "dkjson"
version = "2.11-1"
kind = "lib"
source_hash = "b3:736026c095d0d92f41d668c8bab1c02f58902d677326cbeca0fb592092b214a3"
recipe_hash = "b3:25062268f0435d9199e4f33c2a4c7c3890c5eb1205496c228c5b08e4332e0c67"
artifact_hash = "b3:feb66e31f1f5665b714ef3b9a67b387ea3e5560c7da91e01bf5c71e12fc93333"
replay_mode = "portable_source"
runtime = "5.1"
lua_abi = "5.1"
target = "aarch64-macos"
constellation = "default"
source = "https://luarocks.org/dkjson-2.11-1.src.rock"
source_kind = "luarocks_src_rock"
source_payload = "sources/dkjson-2.11-1.src.rock"
rockspec = "https://luarocks.org/dkjson-2.11-1.rockspec"
rockspec_hash = "b3:f435b6b2f3924979d1a69598935ee7de27f35dbaa5dfa6b36aeda2f5f7356c44"
rockspec_payload = "sources/dkjson-2.11-1.rockspec"
resolver = "rocks"
roles = ["tool"]

[[realization]]
realization_hash = "b3:b273ed93742b3274d926ff850b47337909e6b900321e028fc78e053e95849002"
name = "moonstone/luajit"
version = "2.1.0"
kind = "runtime"
recipe_hash = "b3:70c7fe93b82adacad6514e980832201b4ae0d322a8ac51741fd7455232d755c0"
artifact_hash = "b3:f4d32a967447c8d87a709c01fa5229748de4054e51dfa073e0ad1e61c2683bbf"
replay_mode = "artifact_only"
runtime = "moonstone/luajit"
lua_abi = "5.1"
target = "aarch64-macos"
constellation = "default"
source_kind = "runtime"
resolver = "moonstone"

[[realization]]
realization_hash = "b3:8db16d679ac99eb5b7c3235a5a17011a0a988b1df39dc92b056cd02b6f851868"
name = "dkjson"
version = "2.11-1"
kind = "lib"
source_hash = "b3:736026c095d0d92f41d668c8bab1c02f58902d677326cbeca0fb592092b214a3"
recipe_hash = "b3:25062268f0435d9199e4f33c2a4c7c3890c5eb1205496c228c5b08e4332e0c67"
artifact_hash = "b3:feb66e31f1f5665b714ef3b9a67b387ea3e5560c7da91e01bf5c71e12fc93333"
replay_mode = "portable_source"
runtime = "5.1"
lua_abi = "5.1"
target = "aarch64-macos"
constellation = "default"
source = "https://luarocks.org/dkjson-2.11-1.src.rock"
source_kind = "luarocks_src_rock"
source_payload = "sources/dkjson-2.11-1.src.rock"
rockspec = "https://luarocks.org/dkjson-2.11-1.rockspec"
rockspec_hash = "b3:f435b6b2f3924979d1a69598935ee7de27f35dbaa5dfa6b36aeda2f5f7356c44"
rockspec_payload = "sources/dkjson-2.11-1.rockspec"
resolver = "rocks"
roles = ["tool"]

[[realization]]
realization_hash = "b3:b273ed93742b3274d926ff850b47337909e6b900321e028fc78e053e95849002"
name = "moonstone/luajit"
version = "2.1.0"
kind = "runtime"
recipe_hash = "b3:70c7fe93b82adacad6514e980832201b4ae0d322a8ac51741fd7455232d755c0"
artifact_hash = "b3:f4d32a967447c8d87a709c01fa5229748de4054e51dfa073e0ad1e61c2683bbf"
replay_mode = "artifact_only"
runtime = "moonstone/luajit"
lua_abi = "5.1"
target = "aarch64-macos"
constellation = "default"
source_kind = "runtime"
resolver = "moonstone"

[[realization]]
realization_hash = "b3:3b0794fb23ddd43e45eab4777c16b2cb27228dd413ee58166814d77afcb6b4bb"
name = "hydronium/core"
version = "0.1.1"
kind = "lib"
recipe_hash = ""
artifact_hash = "path"
replay_mode = "artifact_only"
runtime = "5.1"
lua_abi = "5.1"
target = "aarch64-macos"
constellation = "default"
source = "/Users/extrordinaire/Workbench/user/hydronium/router/../core"
source_kind = "local_path"
resolver = "path"
roles = ["runtime"]

[[realization]]
realization_hash = "b3:c5d3f18d172314395f6f3bf3906a83552993643f75d9684187e8c15fec1e0cf3"
name = "moonstone/ballad"
version = "0.3.12"
kind = "bin"
source_hash = "b3:aeddafba1cc18ff6b2d51bac86b241b1eb00ab539044cfdf22f3b74f45076ca8"
recipe_hash = "b3:8af5a8e038061ef78d6016423805948b06444ad0517fec6fd5bd4e609d275957"
artifact_hash = "b3:aeddafba1cc18ff6b2d51bac86b241b1eb00ab539044cfdf22f3b74f45076ca8"
replay_mode = "portable_source"
runtime = "5.1"
lua_abi = "5.1"
target = "aarch64-macos"
constellation = "default"
source = "https://github.com/moonstone-sh/ballad/releases/download/v0.3.12/ballad-0.3.12-any.tar.gz"
source_kind = "archive"
source_payload = "sources/blob.tar.gz"
resolver = "moonstone"
registry = "moonstone"
roles = ["tool"]

[[realization]]
realization_hash = "b3:8db16d679ac99eb5b7c3235a5a17011a0a988b1df39dc92b056cd02b6f851868"
name = "dkjson"
version = "2.11-1"
kind = "lib"
source_hash = "b3:736026c095d0d92f41d668c8bab1c02f58902d677326cbeca0fb592092b214a3"
recipe_hash = "b3:25062268f0435d9199e4f33c2a4c7c3890c5eb1205496c228c5b08e4332e0c67"
artifact_hash = "b3:feb66e31f1f5665b714ef3b9a67b387ea3e5560c7da91e01bf5c71e12fc93333"
replay_mode = "portable_source"
runtime = "5.1"
lua_abi = "5.1"
target = "aarch64-macos"
constellation = "default"
source = "https://luarocks.org/dkjson-2.11-1.src.rock"
source_kind = "luarocks_src_rock"
source_payload = "sources/dkjson-2.11-1.src.rock"
rockspec = "https://luarocks.org/dkjson-2.11-1.rockspec"
rockspec_hash = "b3:f435b6b2f3924979d1a69598935ee7de27f35dbaa5dfa6b36aeda2f5f7356c44"
rockspec_payload = "sources/dkjson-2.11-1.rockspec"
resolver = "rocks"
roles = ["tool"]

[[realization]]
realization_hash = "b3:5d5b5bb45193c508fd6357b7544070beb64b655326ac5cf2878c5dcc42fb9bb2"
name = "moonstone/clingy"
version = "0.6.4"
kind = "bin"
source_hash = "b3:0c5db40e344dc799275e83400e05660446ebc0dd320f0b611e846bf12a34a012"
recipe_hash = "b3:1e47312df8eecad914646a572bf9a493343dbafb12fc42a600bf3e9c0197a6c5"
artifact_hash = "b3:0c5db40e344dc799275e83400e05660446ebc0dd320f0b611e846bf12a34a012"
replay_mode = "portable_source"
runtime = "5.1"
lua_abi = "5.4"
target = "aarch64-macos"
constellation = "default"
source = "https://github.com/moonstone-sh/clingy/releases/download/v0.6.4/clingy-0.6.4-any.tar.gz"
source_kind = "archive"
source_payload = "sources/blob.tar.gz"
resolver = "moonstone"
registry = "moonstone"
roles = ["tool"]

[[realization]]
realization_hash = "b3:3a7fc20b3d68601c9be511dae05db4666556406b5cbbaa0ace9e2c6f510eeec8"
name = "moonstone/lua"
version = "5.4.9"
kind = "runtime"
source_hash = "b3:4c1d2d5913070984ad436c0fc01efd3b293e829860302771b1b8d4c5e655fbde"
recipe_hash = "b3:1d647f98837a78457595da388d568ad4b1282f149271615ae73eb1da3fd76989"
artifact_hash = "b3:39bfa29bd95756b038e2f42deb93e325b9f7f2b80951a5a66a0f1b5639ee50c7"
replay_mode = "portable_source"
runtime = "5.1"
lua_abi = "lua54"
target = "aarch64-macos"
constellation = "default"
source = "blobs/b3/39/bf/39bfa29bd95756b038e2f42deb93e325b9f7f2b80951a5a66a0f1b5639ee50c7.tar.zst"
source_kind = "archive"
source_payload = "sources/blob.tar.zst"
source_url = "blobs/b3/4c/1d/4c1d2d5913070984ad436c0fc01efd3b293e829860302771b1b8d4c5e655fbde.tar.gz"
resolver = "moonstone"
registry = "moonstone"

[[realization]]
realization_hash = "b3:d9f8ddf620c9684d80ea1434adab65242b611a67201773ffb9f143934f321132"
name = "moonstone/valua"
version = "0.2.7"
kind = "lib"
source_hash = "b3:1f69bfd19aa11075c6718c45e6e89c6355b24e21929d907100d6c2c95e4d3e2e"
recipe_hash = "b3:1dd7f3b7ecb05849072dae64094828f804f659cad8895c195cc01ce0c1048cee"
artifact_hash = "b3:1f69bfd19aa11075c6718c45e6e89c6355b24e21929d907100d6c2c95e4d3e2e"
replay_mode = "portable_source"
runtime = "5.1"
lua_abi = "5.4"
target = "aarch64-macos"
constellation = "default"
source = "https://github.com/moonstone-sh/valua/releases/download/v0.2.7/valua-0.2.7-any.tar.gz"
source_kind = "archive"
source_payload = "sources/blob.tar.gz"
resolver = "moonstone"
registry = "moonstone"
roles = ["tool"]

[[realization]]
realization_hash = "b3:cb10c4c73ad7adb39fdafd7c9cf56d862b7bec879b2ac742c86fe140b3650847"
name = "moonstone/luals-composer"
version = "0.1.0"
kind = "lib"
source_hash = "b3:e4632615c6e230486024a1bfa59efcced28e36770ae74c7ad84945f1a0b3f2f4"
recipe_hash = "b3:2f9b38441c98de3dcfb75abaa2c4c990dbf2314928d938ea833e3de029ef38bd"
artifact_hash = "b3:71e89782ebae39ca2eef1bc35ef729a19f662efbc1ba66f79cadd8d0a7e1cfe0"
replay_mode = "portable_source"
runtime = "5.1"
lua_abi = ""
target = "aarch64-macos"
constellation = "default"
source = "blobs/b3/e4/63/e4632615c6e230486024a1bfa59efcced28e36770ae74c7ad84945f1a0b3f2f4.tar.gz"
source_kind = "command"
source_payload = "sources/blob.tar.gz"
resolver = "moonstone"
registry = "moonstone"
roles = ["tool"]

[[realization]]
realization_hash = "b3:febcc37e64c2d3095f734544e393a49a793a5c63998a1aecc28dd479185864cd"
name = "moonstone/alter"
version = "0.1.1"
kind = "lib"
source_hash = "b3:26d86055abf0730b3a5bcaa342556c6fceb64713fdcc248ee9462b2c7781fe4a"
recipe_hash = "b3:ec8fc174d419b620059534178037b9342700447e82d19c0a48d795e32153ccc0"
artifact_hash = "b3:26d86055abf0730b3a5bcaa342556c6fceb64713fdcc248ee9462b2c7781fe4a"
replay_mode = "portable_source"
runtime = "5.1"
lua_abi = "5.4"
target = "aarch64-macos"
constellation = "default"
source = "blobs/b3/26/d8/26d86055abf0730b3a5bcaa342556c6fceb64713fdcc248ee9462b2c7781fe4a.tar.gz"
source_kind = "archive"
source_payload = "sources/blob.tar.gz"
resolver = "moonstone"
registry = "moonstone"
roles = ["tool"]

[[realization]]
realization_hash = "b3:b81c792b9dedd501ca3a7b4054bedb66971c72497a6c4a30af56491c6a30e2d6"
name = "moonstone/alter-jsonc"
version = "0.1.1"
kind = "lib"
source_hash = "b3:f257bec3b1952c4dd65da2bde226d77522a0a652fb8fec93b9b319d0736ee55c"
recipe_hash = "b3:0d19f8fa17fd70f1397060faa959204190846418630d36fa52038f35ff13303c"
artifact_hash = "b3:f257bec3b1952c4dd65da2bde226d77522a0a652fb8fec93b9b319d0736ee55c"
replay_mode = "portable_source"
runtime = "5.1"
lua_abi = "5.4"
target = "aarch64-macos"
constellation = "default"
source = "blobs/b3/f2/57/f257bec3b1952c4dd65da2bde226d77522a0a652fb8fec93b9b319d0736ee55c.tar.gz"
source_kind = "archive"
source_payload = "sources/blob.tar.gz"
resolver = "moonstone"
registry = "moonstone"
roles = ["tool"]

[[realization]]
realization_hash = "b3:8cff1a210d9f656b05788bae5f1d0bc3661c41f327deb7e930478fce12fc9700"
name = "moonstone/alter-json"
version = "0.1.1"
kind = "lib"
source_hash = "b3:f0a9e212d53c80a956daac20fe2d03b947f8dc89d59fb086658682f029de8f93"
recipe_hash = "b3:38673fa81ae0c9d607ce344fa0eb66bfee3e88c03d49c9fdffb834c7d3bb7299"
artifact_hash = "b3:f0a9e212d53c80a956daac20fe2d03b947f8dc89d59fb086658682f029de8f93"
replay_mode = "portable_source"
runtime = "5.1"
lua_abi = "5.4"
target = "aarch64-macos"
constellation = "default"
source = "blobs/b3/f0/a9/f0a9e212d53c80a956daac20fe2d03b947f8dc89d59fb086658682f029de8f93.tar.gz"
source_kind = "archive"
source_payload = "sources/blob.tar.gz"
resolver = "moonstone"
registry = "moonstone"
roles = ["tool"]

[[profile]]
id = "aarch64-macos+moonstone/luajit+5.1"
target = "aarch64-macos"
runtime = "moonstone/luajit"
lua_abi = "5.1"
packages = [{ name = "moonstone/luajit", version = "2.1.0", realization_hash = "b3:b273ed93742b3274d926ff850b47337909e6b900321e028fc78e053e95849002" }, { name = "hydronium/core", version = "0.1.1", realization_hash = "b3:3b0794fb23ddd43e45eab4777c16b2cb27228dd413ee58166814d77afcb6b4bb" }, { name = "moonstone/ballad", version = "0.3.12", realization_hash = "b3:c5d3f18d172314395f6f3bf3906a83552993643f75d9684187e8c15fec1e0cf3" }, { name = "dkjson", version = "2.11-1", realization_hash = "b3:8db16d679ac99eb5b7c3235a5a17011a0a988b1df39dc92b056cd02b6f851868" }, { name = "moonstone/clingy", version = "0.6.4", realization_hash = "b3:5d5b5bb45193c508fd6357b7544070beb64b655326ac5cf2878c5dcc42fb9bb2" }, { name = "moonstone/lua", version = "5.4.9", realization_hash = "b3:3a7fc20b3d68601c9be511dae05db4666556406b5cbbaa0ace9e2c6f510eeec8" }, { name = "moonstone/valua", version = "0.2.7", realization_hash = "b3:d9f8ddf620c9684d80ea1434adab65242b611a67201773ffb9f143934f321132" }, { name = "moonstone/luals-composer", version = "0.1.0", realization_hash = "b3:cb10c4c73ad7adb39fdafd7c9cf56d862b7bec879b2ac742c86fe140b3650847" }, { name = "moonstone/alter", version = "0.1.1", realization_hash = "b3:febcc37e64c2d3095f734544e393a49a793a5c63998a1aecc28dd479185864cd" }, { name = "moonstone/alter-jsonc", version = "0.1.1", realization_hash = "b3:b81c792b9dedd501ca3a7b4054bedb66971c72497a6c4a30af56491c6a30e2d6" }, { name = "moonstone/alter-json", version = "0.1.1", realization_hash = "b3:8cff1a210d9f656b05788bae5f1d0bc3661c41f327deb7e930478fce12fc9700" }]
edges = []
