lockfile_version = 3

[[realization]]
realization_hash = "b3:b273ed93742b3274d926ff850b47337909e6b900321e028fc78e053e95849002"
name = "moonstone/luajit"
version = "2.1.0"
kind = "runtime"
recipe_hash = "b3:70c7fe93b82adacad6514e980832201b4ae0d322a8ac51741fd7455232d755c0"
artifact_hash = "b3:f4d32a967447c8d87a709c01fa5229748de4054e51dfa073e0ad1e61c2683bbf"
replay_mode = "artifact_only"
runtime = "moonstone/luajit"
lua_abi = "5.1"
target = "aarch64-macos"
constellation = "default"
source_kind = "runtime"
resolver = "moonstone"

[[realization]]
realization_hash = "b3:73f5ebd1add4b763754b06455bd8859070a12f39609d6ee4fc35fa7693cb2d30"
name = "dkjson"
version = "2.11-1"
kind = "lib"
source_hash = "b3:736026c095d0d92f41d668c8bab1c02f58902d677326cbeca0fb592092b214a3"
recipe_hash = "b3:25062268f0435d9199e4f33c2a4c7c3890c5eb1205496c228c5b08e4332e0c67"
artifact_hash = "b3:feb66e31f1f5665b714ef3b9a67b387ea3e5560c7da91e01bf5c71e12fc93333"
replay_mode = "portable_source"
runtime = "5.1"
lua_abi = "5.1"
target = "aarch64-macos"
constellation = "default"
source = "https://luarocks.org/dkjson-2.11-1.src.rock"
source_kind = "luarocks_src_rock"
source_payload = "sources/dkjson-2.11-1.src.rock"
rockspec = "https://luarocks.org/dkjson-2.11-1.rockspec"
rockspec_hash = "b3:f435b6b2f3924979d1a69598935ee7de27f35dbaa5dfa6b36aeda2f5f7356c44"
rockspec_payload = "sources/dkjson-2.11-1.rockspec"
resolver = "rocks"
roles = ["tool", "runtime"]

[[realization]]
realization_hash = "b3:3a7fc20b3d68601c9be511dae05db4666556406b5cbbaa0ace9e2c6f510eeec8"
name = "moonstone/lua"
version = "5.4.9"
kind = "runtime"
source_hash = "b3:4c1d2d5913070984ad436c0fc01efd3b293e829860302771b1b8d4c5e655fbde"
recipe_hash = "b3:1d647f98837a78457595da388d568ad4b1282f149271615ae73eb1da3fd76989"
artifact_hash = "b3:39bfa29bd95756b038e2f42deb93e325b9f7f2b80951a5a66a0f1b5639ee50c7"
replay_mode = "portable_source"
runtime = "5.1"
lua_abi = "lua54"
target = "aarch64-macos"
constellation = "default"
source = "blobs/b3/39/bf/39bfa29bd95756b038e2f42deb93e325b9f7f2b80951a5a66a0f1b5639ee50c7.tar.zst"
source_kind = "archive"
source_payload = "sources/blob.tar.zst"
source_url = "blobs/b3/4c/1d/4c1d2d5913070984ad436c0fc01efd3b293e829860302771b1b8d4c5e655fbde.tar.gz"
resolver = "moonstone"
registry = "moonstone"

[[realization]]
realization_hash = "b3:da36f94ddb7f68c6cbe192b71024f15a9f88f2c97ee722ab88f8fffe6fd9bc34"
name = "hydronium/ballad"
version = "0.2.0"
kind = "lib"
recipe_hash = ""
artifact_hash = "path"
replay_mode = "artifact_only"
runtime = "5.1"
lua_abi = "5.1"
target = "aarch64-macos"
constellation = "default"
source = "../build"
source_kind = "local_path"
resolver = "path"
roles = ["runtime"]

[[realization]]
realization_hash = "b3:6f95c699cc8d05a25e5a1d7e5c9cff72feda1f5ada7c8505fe74bc80404a3f30"
name = "hydronium/dom"
version = "0.2.0"
kind = "lib"
recipe_hash = ""
artifact_hash = "path"
replay_mode = "artifact_only"
runtime = "5.1"
lua_abi = "5.1"
target = "aarch64-macos"
constellation = "default"
source = "../dom"
source_kind = "local_path"
resolver = "path"
roles = ["runtime"]

[[realization]]
realization_hash = "b3:d8827081e08c05cd6710dff6abb0b1149d4013fde67a46bdc57660ef23f22e44"
name = "hydronium/luax"
version = "0.2.0"
kind = "lib"
recipe_hash = ""
artifact_hash = "path"
replay_mode = "artifact_only"
runtime = "5.1"
lua_abi = "5.1"
target = "aarch64-macos"
constellation = "default"
source = "../luax"
source_kind = "local_path"
resolver = "path"
roles = ["runtime"]

[[realization]]
realization_hash = "b3:b546628e88086d3d671b53f39535e4b5bd7069459e1a87ae6229ad5881141b21"
name = "moonstone/ballad"
version = "0.3.15"
kind = "bin"
source_hash = "b3:afa0996261ef63d5542de35f2f66079352dc5a9f935ddb176bd7e4f64498abaf"
recipe_hash = "b3:2ce7e7cc44aa558ea215997da0bd50538ff49f4e6919efe0e7ffeab755bffc6e"
artifact_hash = "b3:afa0996261ef63d5542de35f2f66079352dc5a9f935ddb176bd7e4f64498abaf"
replay_mode = "portable_source"
runtime = "5.1"
lua_abi = "5.1"
target = "aarch64-macos"
constellation = "default"
source = "https://github.com/moonstone-sh/ballad/releases/download/v0.3.15/ballad-0.3.15-any.tar.gz"
source_kind = "archive"
source_payload = "sources/blob.tar.gz"
resolver = "moonstone"
registry = "moonstone"
roles = ["tool", "runtime"]

[[realization]]
realization_hash = "b3:d2189d7b8651305efc49dfe6814e23cd50afc335c65e2ad798045601a3920b88"
name = "moonstone/clingy"
version = "0.6.8"
kind = "bin"
source_hash = "b3:136432fad9cf5591789313316c51b6fbdc2340400797dc9d6c45a519de274795"
recipe_hash = "b3:86efbc949d85d45d51ed38e1994ac8b24446024546e70ac42f31443b7d49e70e"
artifact_hash = "b3:136432fad9cf5591789313316c51b6fbdc2340400797dc9d6c45a519de274795"
replay_mode = "portable_source"
runtime = "5.1"
lua_abi = "5.4"
target = "aarch64-macos"
constellation = "default"
source = "https://github.com/moonstone-sh/clingy/releases/download/v0.6.8/clingy-0.6.8-any.tar.gz"
source_kind = "archive"
source_payload = "sources/blob.tar.gz"
resolver = "moonstone"
registry = "moonstone"
roles = ["tool", "runtime"]

[[realization]]
realization_hash = "b3:dc92545269ee7fb26a99daa2cc8a945ff707a0ae80bfd0da31ab1aa0b6221331"
name = "moonstone/valua"
version = "0.2.7"
kind = "lib"
source_hash = "b3:1f69bfd19aa11075c6718c45e6e89c6355b24e21929d907100d6c2c95e4d3e2e"
recipe_hash = "b3:1dd7f3b7ecb05849072dae64094828f804f659cad8895c195cc01ce0c1048cee"
artifact_hash = "b3:1f69bfd19aa11075c6718c45e6e89c6355b24e21929d907100d6c2c95e4d3e2e"
replay_mode = "portable_source"
runtime = "5.1"
lua_abi = "5.4"
target = "aarch64-macos"
constellation = "default"
source = "https://github.com/moonstone-sh/valua/releases/download/v0.2.7/valua-0.2.7-any.tar.gz"
source_kind = "archive"
source_payload = "sources/blob.tar.gz"
resolver = "moonstone"
registry = "moonstone"
roles = ["tool", "runtime"]

[[realization]]
realization_hash = "b3:73e760e0a7f0ea404dd181e0149d40ebc2805effd64b864456f9e2c4aec7fed5"
name = "moonstone/luals-composer"
version = "0.1.0"
kind = "lib"
source_hash = "b3:e4632615c6e230486024a1bfa59efcced28e36770ae74c7ad84945f1a0b3f2f4"
recipe_hash = "b3:d5196ea11fccd560522f3226f5ae2ea683f57ed5d7a3b8e795b9b11952d0459a"
artifact_hash = "b3:71e89782ebae39ca2eef1bc35ef729a19f662efbc1ba66f79cadd8d0a7e1cfe0"
replay_mode = "artifact_only"
runtime = "5.1"
lua_abi = ""
target = "aarch64-macos"
constellation = "default"
source = "blobs/b3/e4/63/e4632615c6e230486024a1bfa59efcced28e36770ae74c7ad84945f1a0b3f2f4.tar.gz"
source_kind = "source"
source_payload = "sources/blob.tar.gz"
resolver = "moonstone"
registry = "moonstone"
roles = ["tool", "runtime"]

[[realization]]
realization_hash = "b3:1b1aa436c8d13a0b90eb49037fe5471f3819737dd7762a1e447617bbde804e64"
name = "moonstone/alter"
version = "0.1.1"
kind = "lib"
source_hash = "b3:26d86055abf0730b3a5bcaa342556c6fceb64713fdcc248ee9462b2c7781fe4a"
recipe_hash = "b3:ec8fc174d419b620059534178037b9342700447e82d19c0a48d795e32153ccc0"
artifact_hash = "b3:26d86055abf0730b3a5bcaa342556c6fceb64713fdcc248ee9462b2c7781fe4a"
replay_mode = "portable_source"
runtime = "5.1"
lua_abi = "5.4"
target = "aarch64-macos"
constellation = "default"
source = "blobs/b3/26/d8/26d86055abf0730b3a5bcaa342556c6fceb64713fdcc248ee9462b2c7781fe4a.tar.gz"
source_kind = "archive"
source_payload = "sources/blob.tar.gz"
resolver = "moonstone"
registry = "moonstone"
roles = ["tool", "runtime"]

[[realization]]
realization_hash = "b3:2232db3a71227deca39efd5a74f96afa6968c51bec051f8001f820b3ee40a277"
name = "moonstone/alter-jsonc"
version = "0.1.1"
kind = "lib"
source_hash = "b3:f257bec3b1952c4dd65da2bde226d77522a0a652fb8fec93b9b319d0736ee55c"
recipe_hash = "b3:0d19f8fa17fd70f1397060faa959204190846418630d36fa52038f35ff13303c"
artifact_hash = "b3:f257bec3b1952c4dd65da2bde226d77522a0a652fb8fec93b9b319d0736ee55c"
replay_mode = "portable_source"
runtime = "5.1"
lua_abi = "5.4"
target = "aarch64-macos"
constellation = "default"
source = "blobs/b3/f2/57/f257bec3b1952c4dd65da2bde226d77522a0a652fb8fec93b9b319d0736ee55c.tar.gz"
source_kind = "archive"
source_payload = "sources/blob.tar.gz"
resolver = "moonstone"
registry = "moonstone"
roles = ["tool", "runtime"]

[[realization]]
realization_hash = "b3:e9ba1f79277552e3fe51f9e8187d6b8ef5df57a30e0818fe15433c7896938dcc"
name = "moonstone/alter-json"
version = "0.1.1"
kind = "lib"
source_hash = "b3:f0a9e212d53c80a956daac20fe2d03b947f8dc89d59fb086658682f029de8f93"
recipe_hash = "b3:38673fa81ae0c9d607ce344fa0eb66bfee3e88c03d49c9fdffb834c7d3bb7299"
artifact_hash = "b3:f0a9e212d53c80a956daac20fe2d03b947f8dc89d59fb086658682f029de8f93"
replay_mode = "portable_source"
runtime = "5.1"
lua_abi = "5.4"
target = "aarch64-macos"
constellation = "default"
source = "blobs/b3/f0/a9/f0a9e212d53c80a956daac20fe2d03b947f8dc89d59fb086658682f029de8f93.tar.gz"
source_kind = "archive"
source_payload = "sources/blob.tar.gz"
resolver = "moonstone"
registry = "moonstone"
roles = ["tool", "runtime"]

[[realization]]
realization_hash = "b3:67da8bc88a187fdd1f2e084d9f9cf378309cd03935c19f9ae96a88e933cd9a23"
name = "hydronium/router"
version = "0.2.0"
kind = "lib"
recipe_hash = ""
artifact_hash = "path"
replay_mode = "artifact_only"
runtime = "5.1"
lua_abi = "5.1"
target = "aarch64-macos"
constellation = "default"
source = "../router"
source_kind = "local_path"
resolver = "path"
roles = ["runtime"]

[[realization]]
realization_hash = "b3:28b784a8b98457231f312a7d4e15d51b4fbba8690accb6459a9b908667fc7c6e"
name = "hydronium/ink"
version = "0.4.0"
kind = "lib"
recipe_hash = ""
artifact_hash = "path"
replay_mode = "artifact_only"
runtime = "5.1"
lua_abi = "5.1"
target = "aarch64-macos"
constellation = "default"
source = "../ink"
source_kind = "local_path"
resolver = "path"
roles = ["runtime"]

[[realization]]
realization_hash = "b3:f4aab280cb39f43a65ece3c7e49569f760a84bf03b505bf56bab436895a235d7"
name = "hydronium/oklab-utils"
version = "0.2.0"
kind = "lib"
recipe_hash = ""
artifact_hash = "path"
replay_mode = "artifact_only"
runtime = "5.1"
lua_abi = "5.1"
target = "aarch64-macos"
constellation = "default"
source = "../oklab-utils"
source_kind = "local_path"
resolver = "path"
roles = ["runtime"]

[[realization]]
realization_hash = "b3:c3b2b8cbacb4483d1e05718ae48ee5262895f5740d57ebe74c6d3ab0652d3ba1"
name = "hydronium/core"
version = "0.2.0"
kind = "lib"
recipe_hash = ""
artifact_hash = "path"
replay_mode = "artifact_only"
runtime = "5.1"
lua_abi = "5.1"
target = "aarch64-macos"
constellation = "default"
source = "../core"
source_kind = "local_path"
resolver = "path"
roles = ["runtime"]

[[profile]]
id = "aarch64-macos+moonstone/luajit+5.1"
target = "aarch64-macos"
runtime = "moonstone/luajit"
lua_abi = "5.1"
packages = [{ name = "moonstone/luajit", version = "2.1.0", realization_hash = "b3:b273ed93742b3274d926ff850b47337909e6b900321e028fc78e053e95849002" }, { name = "hydronium/ballad", version = "0.2.0", realization_hash = "b3:da36f94ddb7f68c6cbe192b71024f15a9f88f2c97ee722ab88f8fffe6fd9bc34" }, { name = "hydronium/dom", version = "0.2.0", realization_hash = "b3:6f95c699cc8d05a25e5a1d7e5c9cff72feda1f5ada7c8505fe74bc80404a3f30" }, { name = "hydronium/luax", version = "0.2.0", realization_hash = "b3:d8827081e08c05cd6710dff6abb0b1149d4013fde67a46bdc57660ef23f22e44" }, { name = "moonstone/ballad", version = "0.3.15", realization_hash = "b3:b546628e88086d3d671b53f39535e4b5bd7069459e1a87ae6229ad5881141b21" }, { name = "dkjson", version = "2.11-1", realization_hash = "b3:73f5ebd1add4b763754b06455bd8859070a12f39609d6ee4fc35fa7693cb2d30" }, { name = "moonstone/clingy", version = "0.6.8", realization_hash = "b3:d2189d7b8651305efc49dfe6814e23cd50afc335c65e2ad798045601a3920b88" }, { name = "moonstone/lua", version = "5.4.9", realization_hash = "b3:3a7fc20b3d68601c9be511dae05db4666556406b5cbbaa0ace9e2c6f510eeec8" }, { name = "moonstone/valua", version = "0.2.7", realization_hash = "b3:dc92545269ee7fb26a99daa2cc8a945ff707a0ae80bfd0da31ab1aa0b6221331" }, { name = "moonstone/luals-composer", version = "0.1.0", realization_hash = "b3:73e760e0a7f0ea404dd181e0149d40ebc2805effd64b864456f9e2c4aec7fed5" }, { name = "moonstone/alter", version = "0.1.1", realization_hash = "b3:1b1aa436c8d13a0b90eb49037fe5471f3819737dd7762a1e447617bbde804e64" }, { name = "moonstone/alter-jsonc", version = "0.1.1", realization_hash = "b3:2232db3a71227deca39efd5a74f96afa6968c51bec051f8001f820b3ee40a277" }, { name = "moonstone/alter-json", version = "0.1.1", realization_hash = "b3:e9ba1f79277552e3fe51f9e8187d6b8ef5df57a30e0818fe15433c7896938dcc" }, { name = "hydronium/router", version = "0.2.0", realization_hash = "b3:67da8bc88a187fdd1f2e084d9f9cf378309cd03935c19f9ae96a88e933cd9a23" }, { name = "hydronium/ink", version = "0.4.0", realization_hash = "b3:28b784a8b98457231f312a7d4e15d51b4fbba8690accb6459a9b908667fc7c6e" }, { name = "hydronium/oklab-utils", version = "0.2.0", realization_hash = "b3:f4aab280cb39f43a65ece3c7e49569f760a84bf03b505bf56bab436895a235d7" }, { name = "hydronium/core", version = "0.2.0", realization_hash = "b3:c3b2b8cbacb4483d1e05718ae48ee5262895f5740d57ebe74c6d3ab0652d3ba1" }]
edges = []
