lockfile_version = 3

[[realization]]
realization_hash = "b3:9d00185b40021ec3ff5b46a9cf7c3b7b918f3b83ed4aa1d52f1d056088c0a9c6"
name = "moonstone/lua"
version = "5.4.9"
kind = "runtime"
recipe_hash = "b3:9ddef3514e834e33889eccd8b8526e6aa458749bdf5cd7a9b5063276257c50e4"
artifact_hash = "b3:39bfa29bd95756b038e2f42deb93e325b9f7f2b80951a5a66a0f1b5639ee50c7"
replay_mode = "artifact_only"
runtime = "moonstone/lua"
lua_abi = "5.4"
target = "aarch64-macos"
constellation = "default"
source_kind = "runtime"
resolver = "moonstone"

[[realization]]
realization_hash = "b3:9d00185b40021ec3ff5b46a9cf7c3b7b918f3b83ed4aa1d52f1d056088c0a9c6"
name = "moonstone/lua"
version = "5.4.9"
kind = "runtime"
recipe_hash = "b3:9ddef3514e834e33889eccd8b8526e6aa458749bdf5cd7a9b5063276257c50e4"
artifact_hash = "b3:39bfa29bd95756b038e2f42deb93e325b9f7f2b80951a5a66a0f1b5639ee50c7"
replay_mode = "artifact_only"
runtime = "moonstone/lua"
lua_abi = "5.4"
target = "aarch64-macos"
constellation = "default"
source_kind = "runtime"
resolver = "moonstone"

[[realization]]
realization_hash = "b3:b273ed93742b3274d926ff850b47337909e6b900321e028fc78e053e95849002"
name = "moonstone/luajit"
version = "2.1.0"
kind = "runtime"
recipe_hash = "b3:70c7fe93b82adacad6514e980832201b4ae0d322a8ac51741fd7455232d755c0"
artifact_hash = "b3:f4d32a967447c8d87a709c01fa5229748de4054e51dfa073e0ad1e61c2683bbf"
replay_mode = "artifact_only"
runtime = "moonstone/luajit"
lua_abi = "5.1"
target = "aarch64-macos"
constellation = "default"
source_kind = "runtime"
resolver = "moonstone"

[[realization]]
realization_hash = "b3:a949c6d51152e2e2aaf058403ec9acf544fc75e7daf121b55db17abfb7a362c7"
name = "moonstone/ballad"
version = "0.3.7"
kind = "bin"
source_hash = "b3:ff606883f3629edd39664ab299a91fe34136eb72ea72ac0ea78208d0dfd3ef42"
recipe_hash = "b3:c1a79b1734e439e17445a131b73cc8a0bcafcb3ab81679f1297219e94b90387a"
artifact_hash = "b3:ff606883f3629edd39664ab299a91fe34136eb72ea72ac0ea78208d0dfd3ef42"
replay_mode = "artifact_only"
runtime = "5.1"
lua_abi = "5.1"
target = "aarch64-macos"
constellation = "default"
source = "https://github.com/moonstone-sh/ballad/releases/download/v0.3.7/ballad-0.3.7-any.tar.gz"
source_kind = "bin"
source_payload = "sources/blob.tar.gz"
resolver = "moonstone"
registry = "moonstone"
roles = ["tool"]

[[realization]]
realization_hash = "b3:179df9c7dc7b9b6698a2d5da36f77a4084cdafc719c3d50b8dc34bbac0e3ea35"
name = "dkjson"
version = "2.11-1"
kind = "lib"
source_hash = "b3:736026c095d0d92f41d668c8bab1c02f58902d677326cbeca0fb592092b214a3"
recipe_hash = "b3:25062268f0435d9199e4f33c2a4c7c3890c5eb1205496c228c5b08e4332e0c67"
artifact_hash = "b3:feb66e31f1f5665b714ef3b9a67b387ea3e5560c7da91e01bf5c71e12fc93333"
replay_mode = "portable_source"
runtime = "5.1"
lua_abi = "5.1"
target = "aarch64-macos"
constellation = "default"
source = "https://luarocks.org/dkjson-2.11-1.src.rock"
source_kind = "luarocks_src_rock"
source_payload = "sources/dkjson-2.11-1.src.rock"
rockspec = "https://luarocks.org/dkjson-2.11-1.rockspec"
rockspec_hash = "b3:f435b6b2f3924979d1a69598935ee7de27f35dbaa5dfa6b36aeda2f5f7356c44"
rockspec_payload = "sources/dkjson-2.11-1.rockspec"
resolver = "rocks"
registry = "rocks"
roles = ["tool"]

[[realization]]
realization_hash = "b3:b273ed93742b3274d926ff850b47337909e6b900321e028fc78e053e95849002"
name = "moonstone/luajit"
version = "2.1.0"
kind = "runtime"
recipe_hash = "b3:70c7fe93b82adacad6514e980832201b4ae0d322a8ac51741fd7455232d755c0"
artifact_hash = "b3:f4d32a967447c8d87a709c01fa5229748de4054e51dfa073e0ad1e61c2683bbf"
replay_mode = "artifact_only"
runtime = "moonstone/luajit"
lua_abi = "5.1"
target = "aarch64-macos"
constellation = "default"
source_kind = "runtime"
resolver = "moonstone"

[[realization]]
realization_hash = "b3:a949c6d51152e2e2aaf058403ec9acf544fc75e7daf121b55db17abfb7a362c7"
name = "moonstone/ballad"
version = "0.3.7"
kind = "bin"
source_hash = "b3:ff606883f3629edd39664ab299a91fe34136eb72ea72ac0ea78208d0dfd3ef42"
recipe_hash = "b3:c1a79b1734e439e17445a131b73cc8a0bcafcb3ab81679f1297219e94b90387a"
artifact_hash = "b3:ff606883f3629edd39664ab299a91fe34136eb72ea72ac0ea78208d0dfd3ef42"
replay_mode = "artifact_only"
runtime = "5.1"
lua_abi = "5.1"
target = "aarch64-macos"
constellation = "default"
source = "https://github.com/moonstone-sh/ballad/releases/download/v0.3.7/ballad-0.3.7-any.tar.gz"
source_kind = "bin"
source_payload = "sources/blob.tar.gz"
resolver = "moonstone"
registry = "moonstone"
roles = ["tool"]

[[realization]]
realization_hash = "b3:179df9c7dc7b9b6698a2d5da36f77a4084cdafc719c3d50b8dc34bbac0e3ea35"
name = "dkjson"
version = "2.11-1"
kind = "lib"
source_hash = "b3:736026c095d0d92f41d668c8bab1c02f58902d677326cbeca0fb592092b214a3"
recipe_hash = "b3:25062268f0435d9199e4f33c2a4c7c3890c5eb1205496c228c5b08e4332e0c67"
artifact_hash = "b3:feb66e31f1f5665b714ef3b9a67b387ea3e5560c7da91e01bf5c71e12fc93333"
replay_mode = "portable_source"
runtime = "5.1"
lua_abi = "5.1"
target = "aarch64-macos"
constellation = "default"
source = "https://luarocks.org/dkjson-2.11-1.src.rock"
source_kind = "luarocks_src_rock"
source_payload = "sources/dkjson-2.11-1.src.rock"
rockspec = "https://luarocks.org/dkjson-2.11-1.rockspec"
rockspec_hash = "b3:f435b6b2f3924979d1a69598935ee7de27f35dbaa5dfa6b36aeda2f5f7356c44"
rockspec_payload = "sources/dkjson-2.11-1.rockspec"
resolver = "rocks"
registry = "rocks"
roles = ["tool"]

[[realization]]
realization_hash = "b3:b273ed93742b3274d926ff850b47337909e6b900321e028fc78e053e95849002"
name = "moonstone/luajit"
version = "2.1.0"
kind = "runtime"
recipe_hash = "b3:70c7fe93b82adacad6514e980832201b4ae0d322a8ac51741fd7455232d755c0"
artifact_hash = "b3:f4d32a967447c8d87a709c01fa5229748de4054e51dfa073e0ad1e61c2683bbf"
replay_mode = "artifact_only"
runtime = "moonstone/luajit"
lua_abi = "5.1"
target = "aarch64-macos"
constellation = "default"
source_kind = "runtime"
resolver = "moonstone"

[[realization]]
realization_hash = "b3:a949c6d51152e2e2aaf058403ec9acf544fc75e7daf121b55db17abfb7a362c7"
name = "moonstone/ballad"
version = "0.3.7"
kind = "bin"
source_hash = "b3:ff606883f3629edd39664ab299a91fe34136eb72ea72ac0ea78208d0dfd3ef42"
recipe_hash = "b3:c1a79b1734e439e17445a131b73cc8a0bcafcb3ab81679f1297219e94b90387a"
artifact_hash = "b3:ff606883f3629edd39664ab299a91fe34136eb72ea72ac0ea78208d0dfd3ef42"
replay_mode = "artifact_only"
runtime = "5.1"
lua_abi = "5.1"
target = "aarch64-macos"
constellation = "default"
source = "https://github.com/moonstone-sh/ballad/releases/download/v0.3.7/ballad-0.3.7-any.tar.gz"
source_kind = "bin"
source_payload = "sources/blob.tar.gz"
resolver = "moonstone"
registry = "moonstone"
roles = ["tool"]

[[realization]]
realization_hash = "b3:179df9c7dc7b9b6698a2d5da36f77a4084cdafc719c3d50b8dc34bbac0e3ea35"
name = "dkjson"
version = "2.11-1"
kind = "lib"
source_hash = "b3:736026c095d0d92f41d668c8bab1c02f58902d677326cbeca0fb592092b214a3"
recipe_hash = "b3:25062268f0435d9199e4f33c2a4c7c3890c5eb1205496c228c5b08e4332e0c67"
artifact_hash = "b3:feb66e31f1f5665b714ef3b9a67b387ea3e5560c7da91e01bf5c71e12fc93333"
replay_mode = "portable_source"
runtime = "5.1"
lua_abi = "5.1"
target = "aarch64-macos"
constellation = "default"
source = "https://luarocks.org/dkjson-2.11-1.src.rock"
source_kind = "luarocks_src_rock"
source_payload = "sources/dkjson-2.11-1.src.rock"
rockspec = "https://luarocks.org/dkjson-2.11-1.rockspec"
rockspec_hash = "b3:f435b6b2f3924979d1a69598935ee7de27f35dbaa5dfa6b36aeda2f5f7356c44"
rockspec_payload = "sources/dkjson-2.11-1.rockspec"
resolver = "rocks"
registry = "rocks"
roles = ["tool"]

[[profile]]
id = "aarch64-macos+moonstone/lua+5.4"
target = "aarch64-macos"
runtime = "moonstone/lua"
lua_abi = "5.4"
packages = [{ name = "moonstone/lua", version = "5.4.9", realization_hash = "b3:9d00185b40021ec3ff5b46a9cf7c3b7b918f3b83ed4aa1d52f1d056088c0a9c6" }]
edges = []

[[profile]]
id = "aarch64-macos+moonstone/luajit+5.1"
target = "aarch64-macos"
runtime = "moonstone/luajit"
lua_abi = "5.1"
packages = [{ name = "moonstone/luajit", version = "2.1.0", realization_hash = "b3:b273ed93742b3274d926ff850b47337909e6b900321e028fc78e053e95849002" }, { name = "moonstone/ballad", version = "0.3.7", realization_hash = "b3:a949c6d51152e2e2aaf058403ec9acf544fc75e7daf121b55db17abfb7a362c7" }, { name = "dkjson", version = "2.11-1", realization_hash = "b3:179df9c7dc7b9b6698a2d5da36f77a4084cdafc719c3d50b8dc34bbac0e3ea35" }]
edges = []
