lockfile_version = 3

[[realization]]
realization_hash = "b3:b273ed93742b3274d926ff850b47337909e6b900321e028fc78e053e95849002"
name = "moonstone/luajit"
version = "2.1.0"
kind = "runtime"
recipe_hash = "b3:70c7fe93b82adacad6514e980832201b4ae0d322a8ac51741fd7455232d755c0"
artifact_hash = "b3:f4d32a967447c8d87a709c01fa5229748de4054e51dfa073e0ad1e61c2683bbf"
replay_mode = "artifact_only"
runtime = "moonstone/luajit"
lua_abi = "5.1"
target = "aarch64-macos"
constellation = "default"
source_kind = "runtime"
resolver = "moonstone"

[[realization]]
realization_hash = "b3:8db16d679ac99eb5b7c3235a5a17011a0a988b1df39dc92b056cd02b6f851868"
name = "dkjson"
version = "2.11-1"
kind = "lib"
source_hash = "b3:736026c095d0d92f41d668c8bab1c02f58902d677326cbeca0fb592092b214a3"
recipe_hash = "b3:25062268f0435d9199e4f33c2a4c7c3890c5eb1205496c228c5b08e4332e0c67"
artifact_hash = "b3:feb66e31f1f5665b714ef3b9a67b387ea3e5560c7da91e01bf5c71e12fc93333"
replay_mode = "portable_source"
runtime = "5.1"
lua_abi = "5.1"
target = "aarch64-macos"
constellation = "default"
source = "https://luarocks.org/dkjson-2.11-1.src.rock"
source_kind = "luarocks_src_rock"
source_payload = "sources/dkjson-2.11-1.src.rock"
rockspec = "https://luarocks.org/dkjson-2.11-1.rockspec"
rockspec_hash = "b3:f435b6b2f3924979d1a69598935ee7de27f35dbaa5dfa6b36aeda2f5f7356c44"
rockspec_payload = "sources/dkjson-2.11-1.rockspec"
resolver = "rocks"
roles = ["tool"]

[[realization]]
realization_hash = "b3:913446925c72bf9c05ba83b18ac2d8ff45dc145fb01709598d9a921607fe46dc"
name = "luafilesystem"
version = "1.9.0-1"
kind = "lib"
source_hash = "b3:eb045fcb85b41313935a69e25e12a1a473dbc7c216debdb86ce57845d23b12c0"
recipe_hash = "b3:8d51a6656d1e4dfbb0b683caae46811bf4525f6615249578d3229eea94dfd8cd"
artifact_hash = "b3:882df69b80ed044ffd892ace5e97a88c528745aa9cd7b7d06ded514071f7e932"
replay_mode = "portable_source"
runtime = "5.1"
lua_abi = "5.1"
target = "aarch64-macos"
constellation = "default"
source = "https://luarocks.org/luafilesystem-1.9.0-1.src.rock"
source_kind = "luarocks_src_rock"
source_payload = "sources/luafilesystem-1.9.0-1.src.rock"
rockspec = "https://luarocks.org/luafilesystem-1.9.0-1.rockspec"
rockspec_hash = "b3:fca860b1ab21280b1e1c2b8419dc5c552a80ec7d93e11a5359e18d2023d400e9"
rockspec_payload = "sources/luafilesystem-1.9.0-1.rockspec"
resolver = "rocks"
registry = "rocks"
roles = ["runtime"]

[[realization]]
realization_hash = "b3:3a7fc20b3d68601c9be511dae05db4666556406b5cbbaa0ace9e2c6f510eeec8"
name = "moonstone/lua"
version = "5.4.9"
kind = "runtime"
source_hash = "b3:4c1d2d5913070984ad436c0fc01efd3b293e829860302771b1b8d4c5e655fbde"
recipe_hash = "b3:1d647f98837a78457595da388d568ad4b1282f149271615ae73eb1da3fd76989"
artifact_hash = "b3:39bfa29bd95756b038e2f42deb93e325b9f7f2b80951a5a66a0f1b5639ee50c7"
replay_mode = "portable_source"
runtime = "5.1"
lua_abi = "lua54"
target = "aarch64-macos"
constellation = "default"
source = "blobs/b3/39/bf/39bfa29bd95756b038e2f42deb93e325b9f7f2b80951a5a66a0f1b5639ee50c7.tar.zst"
source_kind = "archive"
source_payload = "sources/blob.tar.zst"
source_url = "blobs/b3/4c/1d/4c1d2d5913070984ad436c0fc01efd3b293e829860302771b1b8d4c5e655fbde.tar.gz"
resolver = "moonstone"
registry = "moonstone"

[[realization]]
realization_hash = "b3:60bbf6eef1075eb15cb423172ace19f51e4ee548af2c11c372910f8309e8e725"
name = "moonstone/ballad"
version = "0.4.0"
kind = "bin"
source_hash = "b3:9e7b0e37a8ec31d69497f832e2a383abad5c10ae9903f08ee4ae38bb708a552a"
recipe_hash = "b3:4f09962c73fa34b46f638f1eb827d189d74d0c5eec915484d8c28e5d47d8327f"
artifact_hash = "b3:9e7b0e37a8ec31d69497f832e2a383abad5c10ae9903f08ee4ae38bb708a552a"
replay_mode = "portable_source"
runtime = "5.1"
lua_abi = "5.1"
target = "aarch64-macos"
constellation = "default"
source = "https://github.com/moonstone-sh/ballad/releases/download/v0.4.0/ballad-0.4.0-any.tar.gz"
source_kind = "archive"
source_payload = "sources/blob.tar.gz"
resolver = "moonstone"
registry = "moonstone"
roles = ["tool"]

[[realization]]
realization_hash = "b3:62d26c94747de2d85291f4218e7a422b584b0c40e50598ae1c93cafa626d4565"
name = "moonstone/valua"
version = "0.3.0"
kind = "bin"
source_hash = "b3:62ce667312941d8e07da7347bc8ec63222bab9f1fbb14af62c77b5d77f81b75f"
recipe_hash = "b3:d2e41933ad8630efc51b58105f24854c5b1334a22bcc831468478665240fb5ee"
artifact_hash = "b3:62ce667312941d8e07da7347bc8ec63222bab9f1fbb14af62c77b5d77f81b75f"
replay_mode = "portable_source"
runtime = "5.1"
lua_abi = "5.4"
target = "aarch64-macos"
constellation = "default"
source = "https://github.com/moonstone-sh/valua/releases/download/v0.3.0/valua-0.3.0-any.tar.gz"
source_kind = "archive"
source_payload = "sources/blob.tar.gz"
resolver = "moonstone"
registry = "moonstone"
roles = ["runtime", "tool"]

[[realization]]
realization_hash = "b3:4f0eb4bb6d85835d168d22d229972ca09994660a3b36969bc4f5c58c970de2ae"
name = "moonstone/alter"
version = "0.2.2"
kind = "lib"
source_hash = "b3:9185199a39bc0a53a02cd568f54123ebeffad3cca10bc9c33f1f8aaac9185f20"
recipe_hash = "b3:e511013706ff2ce52824acfae8ec1629e2914092041ed894ba6387793fb9a010"
artifact_hash = "b3:aab08713fb761266b4cdd63a69b685def9513216360e868fb5dc282d16dce07a"
replay_mode = "portable_source"
runtime = "5.1"
lua_abi = ""
target = "aarch64-macos"
constellation = "default"
source = "blobs/b3/91/85/9185199a39bc0a53a02cd568f54123ebeffad3cca10bc9c33f1f8aaac9185f20.tar.gz"
source_kind = "command"
source_payload = "sources/blob.tar.gz"
resolver = "moonstone"
registry = "moonstone"
roles = ["runtime", "tool"]

[[realization]]
realization_hash = "b3:6c19aef34efcbc6ef2ff86175fb444d5dc6dac6dc75182b3b063416187f4e853"
name = "moonstone/alter-jsonc"
version = "0.2.2"
kind = "lib"
source_hash = "b3:101da5fecb683a39351dc0b6177418413e67a36f796c6acbc5b4fd1f3f580b21"
recipe_hash = "b3:33ecc44289ea1e6095f7ba0903a480d2d83cb50e5c640f42ebb3c10321489442"
artifact_hash = "b3:f39b44ed3497bd78bb8897b33c67e2f292b9a7f4cde18a85b8926f91564c794e"
replay_mode = "portable_source"
runtime = "5.1"
lua_abi = ""
target = "aarch64-macos"
constellation = "default"
source = "blobs/b3/10/1d/101da5fecb683a39351dc0b6177418413e67a36f796c6acbc5b4fd1f3f580b21.tar.gz"
source_kind = "command"
source_payload = "sources/blob.tar.gz"
resolver = "moonstone"
registry = "moonstone"
roles = ["runtime", "tool"]

[[realization]]
realization_hash = "b3:2b0034755e50deb6a523a42f34fa116df2ed27c7e6fa2a949244ab78bba46f39"
name = "moonstone/alter-json"
version = "0.2.2"
kind = "lib"
source_hash = "b3:adc05472c0e5f66bfb9fb0cf0f9ac3a24ed7c34a104c71c647e5f5f36b3cfe38"
recipe_hash = "b3:1371a3fc3840439a844ad72032cd6368231da5e2ac6919fad6d560a211ff42d1"
artifact_hash = "b3:8e607bd37ed1e3568b2871ae185d8dec28f7c4e5f046517e0c5f40d6ffa86569"
replay_mode = "portable_source"
runtime = "5.1"
lua_abi = ""
target = "aarch64-macos"
constellation = "default"
source = "blobs/b3/ad/c0/adc05472c0e5f66bfb9fb0cf0f9ac3a24ed7c34a104c71c647e5f5f36b3cfe38.tar.gz"
source_kind = "command"
source_payload = "sources/blob.tar.gz"
resolver = "moonstone"
registry = "moonstone"
roles = ["runtime", "tool"]

[[realization]]
realization_hash = "b3:5679d49b115dca74c12a830ec15a21515abbb81344ea8598c149c2b7bbe26e70"
name = "moonstone/clingy"
version = "0.7.0"
kind = "bin"
source_hash = "b3:95a66847f91ac6ffc233f25abcd2330f48e69cc1540699ea1c836f75bc1d28eb"
recipe_hash = "b3:2b9c3be19893cd63b26d23b3b792ae600910d0214430ff14ba91cacaa10306b0"
artifact_hash = "b3:95a66847f91ac6ffc233f25abcd2330f48e69cc1540699ea1c836f75bc1d28eb"
replay_mode = "portable_source"
runtime = "5.1"
lua_abi = "5.4"
target = "aarch64-macos"
constellation = "default"
source = "https://github.com/moonstone-sh/clingy/releases/download/v0.7.0/clingy-0.7.0-any.tar.gz"
source_kind = "archive"
source_payload = "sources/blob.tar.gz"
resolver = "moonstone"
registry = "moonstone"
roles = ["runtime", "tool"]

[[realization]]
realization_hash = "b3:ec429f3663b3a78f7f009dacbcad2cd3f7b78284f3b0ee12ef730de92d04521c"
name = "moonstone/luals-composer"
version = "0.2.1"
kind = "lib"
source_hash = "b3:e14498a308d9af22b9b8f01264483c3aaabf78e85297940177a9075213d97935"
recipe_hash = "b3:eb4909eecf74b68ca29465f568838135e71eab2977deef2eb58f18de0dea3c09"
artifact_hash = "b3:8e6ac84979b505377164fe4722220093311130d25d6895c1d1c6aa322e6e844f"
replay_mode = "portable_source"
runtime = "5.1"
lua_abi = ""
target = "aarch64-macos"
constellation = "default"
source = "blobs/b3/e1/44/e14498a308d9af22b9b8f01264483c3aaabf78e85297940177a9075213d97935.tar.gz"
source_kind = "command"
source_payload = "sources/blob.tar.gz"
resolver = "moonstone"
registry = "moonstone"
roles = ["tool", "runtime"]

[[profile]]
id = "aarch64-macos+moonstone/luajit+5.1"
target = "aarch64-macos"
runtime = "moonstone/luajit"
lua_abi = "5.1"
packages = [{ name = "moonstone/luajit", version = "2.1.0", realization_hash = "b3:b273ed93742b3274d926ff850b47337909e6b900321e028fc78e053e95849002" }, { name = "moonstone/ballad", version = "0.4.0", realization_hash = "b3:60bbf6eef1075eb15cb423172ace19f51e4ee548af2c11c372910f8309e8e725" }, { name = "dkjson", version = "2.11-1", realization_hash = "b3:8db16d679ac99eb5b7c3235a5a17011a0a988b1df39dc92b056cd02b6f851868" }, { name = "luafilesystem", version = "1.9.0-1", realization_hash = "b3:913446925c72bf9c05ba83b18ac2d8ff45dc145fb01709598d9a921607fe46dc" }, { name = "moonstone/valua", version = "0.3.0", realization_hash = "b3:62d26c94747de2d85291f4218e7a422b584b0c40e50598ae1c93cafa626d4565" }, { name = "moonstone/alter", version = "0.2.2", realization_hash = "b3:4f0eb4bb6d85835d168d22d229972ca09994660a3b36969bc4f5c58c970de2ae" }, { name = "moonstone/alter-jsonc", version = "0.2.2", realization_hash = "b3:6c19aef34efcbc6ef2ff86175fb444d5dc6dac6dc75182b3b063416187f4e853" }, { name = "moonstone/alter-json", version = "0.2.2", realization_hash = "b3:2b0034755e50deb6a523a42f34fa116df2ed27c7e6fa2a949244ab78bba46f39" }, { name = "moonstone/lua", version = "5.4.9", realization_hash = "b3:3a7fc20b3d68601c9be511dae05db4666556406b5cbbaa0ace9e2c6f510eeec8" }, { name = "moonstone/clingy", version = "0.7.0", realization_hash = "b3:5679d49b115dca74c12a830ec15a21515abbb81344ea8598c149c2b7bbe26e70" }, { name = "moonstone/luals-composer", version = "0.2.1", realization_hash = "b3:ec429f3663b3a78f7f009dacbcad2cd3f7b78284f3b0ee12ef730de92d04521c" }]
edges = []
