lockfile_version = 3

[[realization]]
realization_hash = "b3:b273ed93742b3274d926ff850b47337909e6b900321e028fc78e053e95849002"
name = "moonstone/luajit"
version = "2.1.0"
kind = "runtime"
recipe_hash = "b3:70c7fe93b82adacad6514e980832201b4ae0d322a8ac51741fd7455232d755c0"
artifact_hash = "b3:f4d32a967447c8d87a709c01fa5229748de4054e51dfa073e0ad1e61c2683bbf"
replay_mode = "artifact_only"
runtime = "moonstone/luajit"
lua_abi = "5.1"
target = "aarch64-macos"
constellation = "default"
source_kind = "runtime"
resolver = "moonstone"

[[realization]]
realization_hash = "b3:e44b4a00392e5b8ecc0951d2ab66e42d176c38b7cf2dc791438b88281589f50a"
name = "moonstone/hydronium-luax"
version = "0.1.0"
kind = "lib"
recipe_hash = ""
artifact_hash = "path"
replay_mode = "artifact_only"
runtime = "5.1"
lua_abi = "5.1"
target = "aarch64-macos"
constellation = "default"
source = "/Users/extrordinaire/Workbench/user/hydronium/examples/quickstart/../../luax"
source_kind = "local_path"
resolver = "path"
roles = ["runtime"]

[[realization]]
realization_hash = "b3:07401549e2213640f78f759e8545b2f33f7804d5f6cc3417fa39f962500ce09d"
name = "moonstone/ballad"
version = "0.3.7"
kind = "bin"
source_hash = "b3:ff606883f3629edd39664ab299a91fe34136eb72ea72ac0ea78208d0dfd3ef42"
recipe_hash = "b3:c1a79b1734e439e17445a131b73cc8a0bcafcb3ab81679f1297219e94b90387a"
artifact_hash = "b3:ff606883f3629edd39664ab299a91fe34136eb72ea72ac0ea78208d0dfd3ef42"
replay_mode = "artifact_only"
runtime = "5.1"
lua_abi = "5.1"
target = "aarch64-macos"
constellation = "default"
source = "https://github.com/moonstone-sh/ballad/releases/download/v0.3.7/ballad-0.3.7-any.tar.gz"
source_kind = "bin"
source_payload = "sources/blob.tar.gz"
resolver = "store"
roles = ["tool"]

[[realization]]
realization_hash = "b3:8db16d679ac99eb5b7c3235a5a17011a0a988b1df39dc92b056cd02b6f851868"
name = "dkjson"
version = "2.11-1"
kind = "lib"
source_hash = "b3:736026c095d0d92f41d668c8bab1c02f58902d677326cbeca0fb592092b214a3"
recipe_hash = "b3:25062268f0435d9199e4f33c2a4c7c3890c5eb1205496c228c5b08e4332e0c67"
artifact_hash = "b3:feb66e31f1f5665b714ef3b9a67b387ea3e5560c7da91e01bf5c71e12fc93333"
replay_mode = "portable_source"
runtime = "5.1"
lua_abi = "5.1"
target = "aarch64-macos"
constellation = "default"
source = "https://luarocks.org/dkjson-2.11-1.src.rock"
source_kind = "luarocks_src_rock"
source_payload = "sources/dkjson-2.11-1.src.rock"
rockspec = "https://luarocks.org/dkjson-2.11-1.rockspec"
rockspec_hash = "b3:f435b6b2f3924979d1a69598935ee7de27f35dbaa5dfa6b36aeda2f5f7356c44"
rockspec_payload = "sources/dkjson-2.11-1.rockspec"
resolver = "rocks"
roles = ["tool"]

[[realization]]
realization_hash = "b3:5a0b9f6ec6b0242b3f3ba1ebb8c1374cdc092ae0f4afb22ea3c530247b568532"
name = "moonstone/hydronium-dom"
version = "0.1.0"
kind = "lib"
recipe_hash = ""
artifact_hash = "path"
replay_mode = "artifact_only"
runtime = "5.1"
lua_abi = "5.1"
target = "aarch64-macos"
constellation = "default"
source = "/Users/extrordinaire/Workbench/user/hydronium/examples/quickstart/../../dom"
source_kind = "local_path"
resolver = "path"
roles = ["runtime"]

[[realization]]
realization_hash = "b3:bc21f14375b9295e8955702e155e1387448088139c4d39e81fd6b3c16952ced8"
name = "moonstone/hydronium"
version = "0.1.0"
kind = "lib"
recipe_hash = ""
artifact_hash = "path"
replay_mode = "artifact_only"
runtime = "5.1"
lua_abi = "5.1"
target = "aarch64-macos"
constellation = "default"
source = "/Users/extrordinaire/Workbench/user/hydronium/examples/quickstart/../../dom/../core"
source_kind = "local_path"
resolver = "path"
roles = ["runtime"]

[[realization]]
realization_hash = "b3:a9477c568feff5a05bc2d6025b57c018b5cb3c6719b47b807312988b8d343319"
name = "moonstone/meteorite"
version = "0.2.4"
kind = "bin"
recipe_hash = ""
artifact_hash = "path"
replay_mode = "artifact_only"
runtime = "5.1"
lua_abi = "5.1"
target = "aarch64-macos"
constellation = "default"
source = "/Users/extrordinaire/Workbench/user/hydronium/examples/quickstart/../../../meteorite"
source_kind = "local_path"
resolver = "path"
roles = ["tool"]

[[realization]]
realization_hash = "b3:974f43c537fc955c4e99b8e293fb20c70bbbf615159fe710702b9d6304f1c968"
name = "lua-cjson"
version = "2.1.0.10-1"
kind = "bin"
source_hash = "b3:652b9d43451a323ff0024d5826c0941f56f2cee0af83c5b9a14eda5052bc73f3"
recipe_hash = "b3:3536bf8f7eb250c3d58739ac8cbb5716b1e1b1b0e8f5c54bdcc563e6075646ae"
artifact_hash = "b3:bfdbb0f97a60cf2a4995e9246e7c47b403b30b948ffd0363320c96bc1bc691ef"
replay_mode = "portable_source"
runtime = "5.1"
lua_abi = "5.1"
target = "aarch64-macos"
constellation = "default"
source = "https://luarocks.org/lua-cjson-2.1.0.10-1.src.rock"
source_kind = "luarocks_src_rock"
source_payload = "sources/lua-cjson-2.1.0.10-1.src.rock"
rockspec = "https://luarocks.org/lua-cjson-2.1.0.10-1.rockspec"
rockspec_hash = "b3:8b06325a8f958b64770579baa905bd2877a2cbce2c83be79404d6d4b164b45d5"
rockspec_payload = "sources/lua-cjson-2.1.0.10-1.rockspec"
resolver = "rocks"
roles = ["tool"]

[[realization]]
realization_hash = "b3:3899dedcc5295ffc38a90cf6ee75aaf2aa2e5a6b023e795c85323b5355270194"
name = "etlua"
version = "1.3.0-1"
kind = "lib"
source_hash = "b3:2d48b441ec25716ff0c3e663f40219a6623ce7a3e90e4dbcfabf8d3e028576f3"
recipe_hash = "b3:f226a57355028f32f6389de0c08b034323c1f05f5bb18ff70ccd730631db929f"
artifact_hash = "b3:1f95221e45ee9474a6bc383ee072330ed71b8784dc1bcdc81aae87d1bf999142"
replay_mode = "portable_source"
runtime = "5.1"
lua_abi = "5.1"
target = "aarch64-macos"
constellation = "default"
source = "https://luarocks.org/etlua-1.3.0-1.src.rock"
source_kind = "luarocks_src_rock"
source_payload = "sources/etlua-1.3.0-1.src.rock"
rockspec = "https://luarocks.org/etlua-1.3.0-1.rockspec"
rockspec_hash = "b3:493a586d7f61cc1fdc7962f894a5faea3760e73573080f3d5df8084b147e2592"
rockspec_payload = "sources/etlua-1.3.0-1.rockspec"
resolver = "rocks"
roles = ["tool"]

[[realization]]
realization_hash = "b3:efff4b7bddd5b457049622817668b09d57049a50076332e46b2587d5a8bd018e"
name = "moonstone/clingy"
version = "0.6.2"
kind = "bin"
source_hash = "b3:1c50b5c800137683087279a192c767c9d0cfc61d79cb8e36c1ac4f0e0d629d66"
recipe_hash = "b3:8a0b5fc866ec739f9aa5d31cfce40e5f857dcadd98ee25402f7a6b2fc7e2909a"
artifact_hash = "b3:1c50b5c800137683087279a192c767c9d0cfc61d79cb8e36c1ac4f0e0d629d66"
replay_mode = "artifact_only"
runtime = "5.1"
lua_abi = "5.4"
target = "aarch64-macos"
constellation = "default"
source = "https://github.com/moonstone-sh/clingy/releases/download/v0.6.2/clingy-0.6.2-any.tar.gz"
source_kind = "bin"
source_payload = "sources/blob.tar.gz"
resolver = "store"
roles = ["tool"]

[[realization]]
realization_hash = "b3:d28e3b9fabbae7cd0f65e132b574df910578a68d6965f50e32ac7dae80338cec"
name = "moonstone/valua"
version = "0.2.7"
kind = "bin"
source_hash = "b3:1f69bfd19aa11075c6718c45e6e89c6355b24e21929d907100d6c2c95e4d3e2e"
recipe_hash = "b3:1dd7f3b7ecb05849072dae64094828f804f659cad8895c195cc01ce0c1048cee"
artifact_hash = "b3:1f69bfd19aa11075c6718c45e6e89c6355b24e21929d907100d6c2c95e4d3e2e"
replay_mode = "artifact_only"
runtime = "5.1"
lua_abi = "5.4"
target = "aarch64-macos"
constellation = "default"
source = "https://github.com/moonstone-sh/valua/releases/download/v0.2.7/valua-0.2.7-any.tar.gz"
source_kind = "archive"
source_payload = "sources/blob.tar.gz"
resolver = "store"
roles = ["tool"]

[[realization]]
realization_hash = "b3:49c4f8e645fdad7294a82903a944d7577253a8b1f38eb159392290f56a0e100f"
name = "moonstone/luals-composer"
version = "0.1.0"
kind = "lib"
source_hash = "b3:e4632615c6e230486024a1bfa59efcced28e36770ae74c7ad84945f1a0b3f2f4"
recipe_hash = "b3:d5196ea11fccd560522f3226f5ae2ea683f57ed5d7a3b8e795b9b11952d0459a"
artifact_hash = "b3:71e89782ebae39ca2eef1bc35ef729a19f662efbc1ba66f79cadd8d0a7e1cfe0"
replay_mode = "artifact_only"
runtime = "5.1"
lua_abi = ""
target = "aarch64-macos"
constellation = "default"
source = "blobs/b3/e4/63/e4632615c6e230486024a1bfa59efcced28e36770ae74c7ad84945f1a0b3f2f4.tar.gz"
source_kind = "source"
source_payload = "sources/blob.tar.gz"
resolver = "store"
roles = ["tool"]

[[realization]]
realization_hash = "b3:d53017be79415535a5137ae6841a98c41458e4457bece1d798b0b83026aa2ff0"
name = "moonstone/alter"
version = "0.1.1"
kind = "lib"
source_hash = "b3:26d86055abf0730b3a5bcaa342556c6fceb64713fdcc248ee9462b2c7781fe4a"
recipe_hash = "b3:ec8fc174d419b620059534178037b9342700447e82d19c0a48d795e32153ccc0"
artifact_hash = "b3:26d86055abf0730b3a5bcaa342556c6fceb64713fdcc248ee9462b2c7781fe4a"
replay_mode = "artifact_only"
runtime = "5.1"
lua_abi = "5.4"
target = "aarch64-macos"
constellation = "default"
source = "blobs/b3/26/d8/26d86055abf0730b3a5bcaa342556c6fceb64713fdcc248ee9462b2c7781fe4a.tar.gz"
source_kind = "archive"
source_payload = "sources/blob.tar.gz"
resolver = "store"
roles = ["tool"]

[[realization]]
realization_hash = "b3:626b6f2032ee820112a27892096a81ea48ac1acb8057eb39393fb6dc1617f011"
name = "moonstone/alter-jsonc"
version = "0.1.1"
kind = "lib"
source_hash = "b3:f257bec3b1952c4dd65da2bde226d77522a0a652fb8fec93b9b319d0736ee55c"
recipe_hash = "b3:0d19f8fa17fd70f1397060faa959204190846418630d36fa52038f35ff13303c"
artifact_hash = "b3:f257bec3b1952c4dd65da2bde226d77522a0a652fb8fec93b9b319d0736ee55c"
replay_mode = "artifact_only"
runtime = "5.1"
lua_abi = "5.4"
target = "aarch64-macos"
constellation = "default"
source = "blobs/b3/f2/57/f257bec3b1952c4dd65da2bde226d77522a0a652fb8fec93b9b319d0736ee55c.tar.gz"
source_kind = "archive"
source_payload = "sources/blob.tar.gz"
resolver = "store"
roles = ["tool"]

[[realization]]
realization_hash = "b3:3d91be97db18a7cfdde57639fa6dc33bd58c18cd988737b4290eaedbe4804a08"
name = "moonstone/alter-json"
version = "0.1.1"
kind = "lib"
source_hash = "b3:f0a9e212d53c80a956daac20fe2d03b947f8dc89d59fb086658682f029de8f93"
recipe_hash = "b3:38673fa81ae0c9d607ce344fa0eb66bfee3e88c03d49c9fdffb834c7d3bb7299"
artifact_hash = "b3:f0a9e212d53c80a956daac20fe2d03b947f8dc89d59fb086658682f029de8f93"
replay_mode = "artifact_only"
runtime = "5.1"
lua_abi = "5.4"
target = "aarch64-macos"
constellation = "default"
source = "blobs/b3/f0/a9/f0a9e212d53c80a956daac20fe2d03b947f8dc89d59fb086658682f029de8f93.tar.gz"
source_kind = "archive"
source_payload = "sources/blob.tar.gz"
resolver = "store"
roles = ["tool"]

[[realization]]
realization_hash = "b3:0772fad975ce8322ff5a98f9fbea36e46914c62f465ae09354efe7fcc9c47e68"
name = "moonstone/lua"
version = "5.4.9"
kind = "runtime"
source_hash = "b3:4c1d2d5913070984ad436c0fc01efd3b293e829860302771b1b8d4c5e655fbde"
recipe_hash = "b3:1d647f98837a78457595da388d568ad4b1282f149271615ae73eb1da3fd76989"
artifact_hash = "b3:39bfa29bd95756b038e2f42deb93e325b9f7f2b80951a5a66a0f1b5639ee50c7"
replay_mode = "artifact_only"
runtime = "5.1"
lua_abi = "lua54"
target = "aarch64-macos"
constellation = "default"
source = "blobs/b3/39/bf/39bfa29bd95756b038e2f42deb93e325b9f7f2b80951a5a66a0f1b5639ee50c7.tar.zst"
source_kind = "archive"
source_payload = "sources/blob.tar.zst"
source_url = "blobs/b3/4c/1d/4c1d2d5913070984ad436c0fc01efd3b293e829860302771b1b8d4c5e655fbde.tar.gz"
resolver = "moonstone"
registry = "moonstone"

[[realization]]
realization_hash = "b3:b273ed93742b3274d926ff850b47337909e6b900321e028fc78e053e95849002"
name = "moonstone/luajit"
version = "2.1.0"
kind = "runtime"
recipe_hash = "b3:70c7fe93b82adacad6514e980832201b4ae0d322a8ac51741fd7455232d755c0"
artifact_hash = "b3:f4d32a967447c8d87a709c01fa5229748de4054e51dfa073e0ad1e61c2683bbf"
replay_mode = "artifact_only"
runtime = "moonstone/luajit"
lua_abi = "5.1"
target = "aarch64-macos"
constellation = "default"
source_kind = "runtime"
resolver = "moonstone"

[[realization]]
realization_hash = "b3:e44b4a00392e5b8ecc0951d2ab66e42d176c38b7cf2dc791438b88281589f50a"
name = "moonstone/hydronium-luax"
version = "0.1.0"
kind = "lib"
recipe_hash = ""
artifact_hash = "path"
replay_mode = "artifact_only"
runtime = "5.1"
lua_abi = "5.1"
target = "aarch64-macos"
constellation = "default"
source = "/Users/extrordinaire/Workbench/user/hydronium/examples/quickstart/../../luax"
source_kind = "local_path"
resolver = "path"
roles = ["runtime"]

[[realization]]
realization_hash = "b3:a949c6d51152e2e2aaf058403ec9acf544fc75e7daf121b55db17abfb7a362c7"
name = "moonstone/ballad"
version = "0.3.7"
kind = "bin"
source_hash = "b3:ff606883f3629edd39664ab299a91fe34136eb72ea72ac0ea78208d0dfd3ef42"
recipe_hash = "b3:c1a79b1734e439e17445a131b73cc8a0bcafcb3ab81679f1297219e94b90387a"
artifact_hash = "b3:ff606883f3629edd39664ab299a91fe34136eb72ea72ac0ea78208d0dfd3ef42"
replay_mode = "artifact_only"
runtime = "5.1"
lua_abi = "5.1"
target = "aarch64-macos"
constellation = "default"
source = "https://github.com/moonstone-sh/ballad/releases/download/v0.3.7/ballad-0.3.7-any.tar.gz"
source_kind = "bin"
source_payload = "sources/blob.tar.gz"
resolver = "moonstone"
registry = "moonstone"
roles = ["tool"]

[[realization]]
realization_hash = "b3:8db16d679ac99eb5b7c3235a5a17011a0a988b1df39dc92b056cd02b6f851868"
name = "dkjson"
version = "2.11-1"
kind = "lib"
source_hash = "b3:736026c095d0d92f41d668c8bab1c02f58902d677326cbeca0fb592092b214a3"
recipe_hash = "b3:25062268f0435d9199e4f33c2a4c7c3890c5eb1205496c228c5b08e4332e0c67"
artifact_hash = "b3:feb66e31f1f5665b714ef3b9a67b387ea3e5560c7da91e01bf5c71e12fc93333"
replay_mode = "portable_source"
runtime = "5.1"
lua_abi = "5.1"
target = "aarch64-macos"
constellation = "default"
source = "https://luarocks.org/dkjson-2.11-1.src.rock"
source_kind = "luarocks_src_rock"
source_payload = "sources/dkjson-2.11-1.src.rock"
rockspec = "https://luarocks.org/dkjson-2.11-1.rockspec"
rockspec_hash = "b3:f435b6b2f3924979d1a69598935ee7de27f35dbaa5dfa6b36aeda2f5f7356c44"
rockspec_payload = "sources/dkjson-2.11-1.rockspec"
resolver = "rocks"
roles = ["tool"]

[[realization]]
realization_hash = "b3:5a0b9f6ec6b0242b3f3ba1ebb8c1374cdc092ae0f4afb22ea3c530247b568532"
name = "moonstone/hydronium-dom"
version = "0.1.0"
kind = "lib"
recipe_hash = ""
artifact_hash = "path"
replay_mode = "artifact_only"
runtime = "5.1"
lua_abi = "5.1"
target = "aarch64-macos"
constellation = "default"
source = "/Users/extrordinaire/Workbench/user/hydronium/examples/quickstart/../../dom"
source_kind = "local_path"
resolver = "path"
roles = ["runtime"]

[[realization]]
realization_hash = "b3:bc21f14375b9295e8955702e155e1387448088139c4d39e81fd6b3c16952ced8"
name = "moonstone/hydronium"
version = "0.1.0"
kind = "lib"
recipe_hash = ""
artifact_hash = "path"
replay_mode = "artifact_only"
runtime = "5.1"
lua_abi = "5.1"
target = "aarch64-macos"
constellation = "default"
source = "/Users/extrordinaire/Workbench/user/hydronium/examples/quickstart/../../dom/../core"
source_kind = "local_path"
resolver = "path"
roles = ["runtime"]

[[realization]]
realization_hash = "b3:196dc75d26bb5f4643db2390837f8089ca11ab51d6eca9167dfe77b559474a9a"
name = "moonstone/meteorite"
version = "0.2.5"
kind = "bin"
recipe_hash = ""
artifact_hash = "path"
replay_mode = "artifact_only"
runtime = "5.1"
lua_abi = "5.1"
target = "aarch64-macos"
constellation = "default"
source = "/Users/extrordinaire/Workbench/user/hydronium/examples/quickstart/../../../meteorite"
source_kind = "local_path"
resolver = "path"
roles = ["tool"]

[[realization]]
realization_hash = "b3:974f43c537fc955c4e99b8e293fb20c70bbbf615159fe710702b9d6304f1c968"
name = "lua-cjson"
version = "2.1.0.10-1"
kind = "bin"
source_hash = "b3:652b9d43451a323ff0024d5826c0941f56f2cee0af83c5b9a14eda5052bc73f3"
recipe_hash = "b3:3536bf8f7eb250c3d58739ac8cbb5716b1e1b1b0e8f5c54bdcc563e6075646ae"
artifact_hash = "b3:bfdbb0f97a60cf2a4995e9246e7c47b403b30b948ffd0363320c96bc1bc691ef"
replay_mode = "portable_source"
runtime = "5.1"
lua_abi = "5.1"
target = "aarch64-macos"
constellation = "default"
source = "https://luarocks.org/lua-cjson-2.1.0.10-1.src.rock"
source_kind = "luarocks_src_rock"
source_payload = "sources/lua-cjson-2.1.0.10-1.src.rock"
rockspec = "https://luarocks.org/lua-cjson-2.1.0.10-1.rockspec"
rockspec_hash = "b3:8b06325a8f958b64770579baa905bd2877a2cbce2c83be79404d6d4b164b45d5"
rockspec_payload = "sources/lua-cjson-2.1.0.10-1.rockspec"
resolver = "rocks"
roles = ["tool"]

[[realization]]
realization_hash = "b3:3899dedcc5295ffc38a90cf6ee75aaf2aa2e5a6b023e795c85323b5355270194"
name = "etlua"
version = "1.3.0-1"
kind = "lib"
source_hash = "b3:2d48b441ec25716ff0c3e663f40219a6623ce7a3e90e4dbcfabf8d3e028576f3"
recipe_hash = "b3:f226a57355028f32f6389de0c08b034323c1f05f5bb18ff70ccd730631db929f"
artifact_hash = "b3:1f95221e45ee9474a6bc383ee072330ed71b8784dc1bcdc81aae87d1bf999142"
replay_mode = "portable_source"
runtime = "5.1"
lua_abi = "5.1"
target = "aarch64-macos"
constellation = "default"
source = "https://luarocks.org/etlua-1.3.0-1.src.rock"
source_kind = "luarocks_src_rock"
source_payload = "sources/etlua-1.3.0-1.src.rock"
rockspec = "https://luarocks.org/etlua-1.3.0-1.rockspec"
rockspec_hash = "b3:493a586d7f61cc1fdc7962f894a5faea3760e73573080f3d5df8084b147e2592"
rockspec_payload = "sources/etlua-1.3.0-1.rockspec"
resolver = "rocks"
roles = ["tool"]

[[realization]]
realization_hash = "b3:aa6f432fded31652548308541ecb630662704a6f778206a9740ac2099766548b"
name = "moonstone/clingy"
version = "0.6.2"
kind = "bin"
source_hash = "b3:1c50b5c800137683087279a192c767c9d0cfc61d79cb8e36c1ac4f0e0d629d66"
recipe_hash = "b3:8a0b5fc866ec739f9aa5d31cfce40e5f857dcadd98ee25402f7a6b2fc7e2909a"
artifact_hash = "b3:1c50b5c800137683087279a192c767c9d0cfc61d79cb8e36c1ac4f0e0d629d66"
replay_mode = "artifact_only"
runtime = "5.1"
lua_abi = "5.4"
target = "aarch64-macos"
constellation = "default"
source = "https://github.com/moonstone-sh/clingy/releases/download/v0.6.2/clingy-0.6.2-any.tar.gz"
source_kind = "bin"
source_payload = "sources/blob.tar.gz"
resolver = "moonstone"
registry = "moonstone"
roles = ["tool"]

[[realization]]
realization_hash = "b3:0772fad975ce8322ff5a98f9fbea36e46914c62f465ae09354efe7fcc9c47e68"
name = "moonstone/lua"
version = "5.4.9"
kind = "runtime"
source_hash = "b3:4c1d2d5913070984ad436c0fc01efd3b293e829860302771b1b8d4c5e655fbde"
recipe_hash = "b3:1d647f98837a78457595da388d568ad4b1282f149271615ae73eb1da3fd76989"
artifact_hash = "b3:39bfa29bd95756b038e2f42deb93e325b9f7f2b80951a5a66a0f1b5639ee50c7"
replay_mode = "artifact_only"
runtime = "5.1"
lua_abi = "lua54"
target = "aarch64-macos"
constellation = "default"
source = "blobs/b3/39/bf/39bfa29bd95756b038e2f42deb93e325b9f7f2b80951a5a66a0f1b5639ee50c7.tar.zst"
source_kind = "archive"
source_payload = "sources/blob.tar.zst"
source_url = "blobs/b3/4c/1d/4c1d2d5913070984ad436c0fc01efd3b293e829860302771b1b8d4c5e655fbde.tar.gz"
resolver = "moonstone"
registry = "moonstone"

[[realization]]
realization_hash = "b3:ffe5394c7d4a7bf19da810adb17ee3876b3d75f1310089eb5fc57e6b068aaf49"
name = "moonstone/valua"
version = "0.2.7"
kind = "lib"
source_hash = "b3:1f69bfd19aa11075c6718c45e6e89c6355b24e21929d907100d6c2c95e4d3e2e"
recipe_hash = "b3:1dd7f3b7ecb05849072dae64094828f804f659cad8895c195cc01ce0c1048cee"
artifact_hash = "b3:1f69bfd19aa11075c6718c45e6e89c6355b24e21929d907100d6c2c95e4d3e2e"
replay_mode = "artifact_only"
runtime = "5.1"
lua_abi = "5.4"
target = "aarch64-macos"
constellation = "default"
source = "https://github.com/moonstone-sh/valua/releases/download/v0.2.7/valua-0.2.7-any.tar.gz"
source_kind = "archive"
source_payload = "sources/blob.tar.gz"
resolver = "moonstone"
registry = "moonstone"
roles = ["tool"]

[[realization]]
realization_hash = "b3:1b2a2c26cb4f6e18535ac6b8da8c5d242f8a3bab783a939e6f6a6632ac74eb41"
name = "moonstone/luals-composer"
version = "0.1.0"
kind = "lib"
source_hash = "b3:e4632615c6e230486024a1bfa59efcced28e36770ae74c7ad84945f1a0b3f2f4"
recipe_hash = "b3:d5196ea11fccd560522f3226f5ae2ea683f57ed5d7a3b8e795b9b11952d0459a"
artifact_hash = "b3:71e89782ebae39ca2eef1bc35ef729a19f662efbc1ba66f79cadd8d0a7e1cfe0"
replay_mode = "artifact_only"
runtime = "5.1"
lua_abi = ""
target = "aarch64-macos"
constellation = "default"
source = "blobs/b3/e4/63/e4632615c6e230486024a1bfa59efcced28e36770ae74c7ad84945f1a0b3f2f4.tar.gz"
source_kind = "source"
source_payload = "sources/blob.tar.gz"
resolver = "moonstone"
registry = "moonstone"
roles = ["tool"]

[[realization]]
realization_hash = "b3:f14a488d82a81a6ae0c7365f2d0b1b1cd7c755ba116a0838c2e4d006f1b1bf23"
name = "moonstone/alter"
version = "0.1.1"
kind = "lib"
source_hash = "b3:26d86055abf0730b3a5bcaa342556c6fceb64713fdcc248ee9462b2c7781fe4a"
recipe_hash = "b3:ec8fc174d419b620059534178037b9342700447e82d19c0a48d795e32153ccc0"
artifact_hash = "b3:26d86055abf0730b3a5bcaa342556c6fceb64713fdcc248ee9462b2c7781fe4a"
replay_mode = "artifact_only"
runtime = "5.1"
lua_abi = "5.4"
target = "aarch64-macos"
constellation = "default"
source = "blobs/b3/26/d8/26d86055abf0730b3a5bcaa342556c6fceb64713fdcc248ee9462b2c7781fe4a.tar.gz"
source_kind = "archive"
source_payload = "sources/blob.tar.gz"
resolver = "moonstone"
registry = "moonstone"
roles = ["tool"]

[[realization]]
realization_hash = "b3:bd82f240a9f8dc5dd6b9c2e2ce6042a978dd4006064d8afe46eb53f099f140ae"
name = "moonstone/alter-jsonc"
version = "0.1.1"
kind = "lib"
source_hash = "b3:f257bec3b1952c4dd65da2bde226d77522a0a652fb8fec93b9b319d0736ee55c"
recipe_hash = "b3:0d19f8fa17fd70f1397060faa959204190846418630d36fa52038f35ff13303c"
artifact_hash = "b3:f257bec3b1952c4dd65da2bde226d77522a0a652fb8fec93b9b319d0736ee55c"
replay_mode = "artifact_only"
runtime = "5.1"
lua_abi = "5.4"
target = "aarch64-macos"
constellation = "default"
source = "blobs/b3/f2/57/f257bec3b1952c4dd65da2bde226d77522a0a652fb8fec93b9b319d0736ee55c.tar.gz"
source_kind = "archive"
source_payload = "sources/blob.tar.gz"
resolver = "moonstone"
registry = "moonstone"
roles = ["tool"]

[[realization]]
realization_hash = "b3:4eaca8bf857172fcc3ecbac92b8d042543d1d951e7ff8f9e57604d40201b51fe"
name = "moonstone/alter-json"
version = "0.1.1"
kind = "lib"
source_hash = "b3:f0a9e212d53c80a956daac20fe2d03b947f8dc89d59fb086658682f029de8f93"
recipe_hash = "b3:38673fa81ae0c9d607ce344fa0eb66bfee3e88c03d49c9fdffb834c7d3bb7299"
artifact_hash = "b3:f0a9e212d53c80a956daac20fe2d03b947f8dc89d59fb086658682f029de8f93"
replay_mode = "artifact_only"
runtime = "5.1"
lua_abi = "5.4"
target = "aarch64-macos"
constellation = "default"
source = "blobs/b3/f0/a9/f0a9e212d53c80a956daac20fe2d03b947f8dc89d59fb086658682f029de8f93.tar.gz"
source_kind = "archive"
source_payload = "sources/blob.tar.gz"
resolver = "moonstone"
registry = "moonstone"
roles = ["tool"]

[[profile]]
id = "aarch64-macos+moonstone/luajit+5.1"
target = "aarch64-macos"
runtime = "moonstone/luajit"
lua_abi = "5.1"
packages = [{ name = "moonstone/luajit", version = "2.1.0", realization_hash = "b3:b273ed93742b3274d926ff850b47337909e6b900321e028fc78e053e95849002" }, { name = "moonstone/hydronium-luax", version = "0.1.0", realization_hash = "b3:e44b4a00392e5b8ecc0951d2ab66e42d176c38b7cf2dc791438b88281589f50a" }, { name = "moonstone/ballad", version = "0.3.7", realization_hash = "b3:a949c6d51152e2e2aaf058403ec9acf544fc75e7daf121b55db17abfb7a362c7" }, { name = "dkjson", version = "2.11-1", realization_hash = "b3:8db16d679ac99eb5b7c3235a5a17011a0a988b1df39dc92b056cd02b6f851868" }, { name = "moonstone/hydronium-dom", version = "0.1.0", realization_hash = "b3:5a0b9f6ec6b0242b3f3ba1ebb8c1374cdc092ae0f4afb22ea3c530247b568532" }, { name = "moonstone/hydronium", version = "0.1.0", realization_hash = "b3:bc21f14375b9295e8955702e155e1387448088139c4d39e81fd6b3c16952ced8" }, { name = "moonstone/meteorite", version = "0.2.5", realization_hash = "b3:196dc75d26bb5f4643db2390837f8089ca11ab51d6eca9167dfe77b559474a9a" }, { name = "lua-cjson", version = "2.1.0.10-1", realization_hash = "b3:974f43c537fc955c4e99b8e293fb20c70bbbf615159fe710702b9d6304f1c968" }, { name = "etlua", version = "1.3.0-1", realization_hash = "b3:3899dedcc5295ffc38a90cf6ee75aaf2aa2e5a6b023e795c85323b5355270194" }, { name = "moonstone/clingy", version = "0.6.2", realization_hash = "b3:aa6f432fded31652548308541ecb630662704a6f778206a9740ac2099766548b" }, { name = "moonstone/lua", version = "5.4.9", realization_hash = "b3:0772fad975ce8322ff5a98f9fbea36e46914c62f465ae09354efe7fcc9c47e68" }, { name = "moonstone/valua", version = "0.2.7", realization_hash = "b3:ffe5394c7d4a7bf19da810adb17ee3876b3d75f1310089eb5fc57e6b068aaf49" }, { name = "moonstone/luals-composer", version = "0.1.0", realization_hash = "b3:1b2a2c26cb4f6e18535ac6b8da8c5d242f8a3bab783a939e6f6a6632ac74eb41" }, { name = "moonstone/alter", version = "0.1.1", realization_hash = "b3:f14a488d82a81a6ae0c7365f2d0b1b1cd7c755ba116a0838c2e4d006f1b1bf23" }, { name = "moonstone/alter-jsonc", version = "0.1.1", realization_hash = "b3:bd82f240a9f8dc5dd6b9c2e2ce6042a978dd4006064d8afe46eb53f099f140ae" }, { name = "moonstone/alter-json", version = "0.1.1", realization_hash = "b3:4eaca8bf857172fcc3ecbac92b8d042543d1d951e7ff8f9e57604d40201b51fe" }]
edges = []
